// !$*UTF8*$!
{
	archiveVersion = 1;
	classes = {
	};
	objectVersion = 46;
	objects = {

/* Begin PBXBuildFile section */
		18951CC716D55943000B36CB /* Default-568h@2x.png in Resources */ = {isa = PBXBuildFile; fileRef = 18951CC616D55943000B36CB /* Default-568h@2x.png */; };
		824D8024155862CD00AD50B4 /* Facebook.m in Sources */ = {isa = PBXBuildFile; fileRef = 824D800A155862CD00AD50B4 /* Facebook.m */; settings = {COMPILER_FLAGS = "-fno-objc-arc"; }; };
		824D8025155862CD00AD50B4 /* FBDialog.bundle in Resources */ = {isa = PBXBuildFile; fileRef = 824D800D155862CD00AD50B4 /* FBDialog.bundle */; };
		824D8026155862CD00AD50B4 /* FBDialog.m in Sources */ = {isa = PBXBuildFile; fileRef = 824D800F155862CD00AD50B4 /* FBDialog.m */; settings = {COMPILER_FLAGS = "-fno-objc-arc"; }; };
		824D8027155862CD00AD50B4 /* FBFrictionlessRequestSettings.m in Sources */ = {isa = PBXBuildFile; fileRef = 824D8011155862CD00AD50B4 /* FBFrictionlessRequestSettings.m */; settings = {COMPILER_FLAGS = "-fno-objc-arc"; }; };
		824D8028155862CD00AD50B4 /* FBLoginDialog.m in Sources */ = {isa = PBXBuildFile; fileRef = 824D8013155862CD00AD50B4 /* FBLoginDialog.m */; settings = {COMPILER_FLAGS = "-fno-objc-arc"; }; };
		824D8029155862CD00AD50B4 /* FBRequest.m in Sources */ = {isa = PBXBuildFile; fileRef = 824D8015155862CD00AD50B4 /* FBRequest.m */; settings = {COMPILER_FLAGS = "-fno-objc-arc"; }; };
		824D802A155862CD00AD50B4 /* NSObject+SBJSON.m in Sources */ = {isa = PBXBuildFile; fileRef = 824D8019155862CD00AD50B4 /* NSObject+SBJSON.m */; settings = {COMPILER_FLAGS = "-fno-objc-arc"; }; };
		824D802B155862CD00AD50B4 /* NSString+SBJSON.m in Sources */ = {isa = PBXBuildFile; fileRef = 824D801B155862CD00AD50B4 /* NSString+SBJSON.m */; settings = {COMPILER_FLAGS = "-fno-objc-arc"; }; };
		824D802C155862CD00AD50B4 /* SBJSON.m in Sources */ = {isa = PBXBuildFile; fileRef = 824D801D155862CD00AD50B4 /* SBJSON.m */; settings = {COMPILER_FLAGS = "-fno-objc-arc"; }; };
		824D802D155862CD00AD50B4 /* SBJsonBase.m in Sources */ = {isa = PBXBuildFile; fileRef = 824D801F155862CD00AD50B4 /* SBJsonBase.m */; settings = {COMPILER_FLAGS = "-fno-objc-arc"; }; };
		824D802E155862CD00AD50B4 /* SBJsonParser.m in Sources */ = {isa = PBXBuildFile; fileRef = 824D8021155862CD00AD50B4 /* SBJsonParser.m */; settings = {COMPILER_FLAGS = "-fno-objc-arc"; }; };
		824D802F155862CD00AD50B4 /* SBJsonWriter.m in Sources */ = {isa = PBXBuildFile; fileRef = 824D8023155862CD00AD50B4 /* SBJsonWriter.m */; settings = {COMPILER_FLAGS = "-fno-objc-arc"; }; };
		824D80371558635300AD50B4 /* DERuledView.m in Sources */ = {isa = PBXBuildFile; fileRef = 824D80321558635300AD50B4 /* DERuledView.m */; settings = {COMPILER_FLAGS = "-fno-objc-arc"; }; };
		824D80381558635300AD50B4 /* DETweetTextView.m in Sources */ = {isa = PBXBuildFile; fileRef = 824D80341558635300AD50B4 /* DETweetTextView.m */; settings = {COMPILER_FLAGS = "-fno-objc-arc"; }; };
		824D80391558635300AD50B4 /* UIDevice+DETweetComposeViewController.m in Sources */ = {isa = PBXBuildFile; fileRef = 824D80361558635300AD50B4 /* UIDevice+DETweetComposeViewController.m */; };
		82F3D472155869320002C7C0 /* cancel_pressed.png in Resources */ = {isa = PBXBuildFile; fileRef = 82F3D462155869320002C7C0 /* cancel_pressed.png */; };
		82F3D473155869320002C7C0 /* cancel_pressed@2x.png in Resources */ = {isa = PBXBuildFile; fileRef = 82F3D463155869320002C7C0 /* cancel_pressed@2x.png */; };
		82F3D474155869320002C7C0 /* cancel.png in Resources */ = {isa = PBXBuildFile; fileRef = 82F3D464155869320002C7C0 /* cancel.png */; };
		82F3D475155869320002C7C0 /* cancel@2x.png in Resources */ = {isa = PBXBuildFile; fileRef = 82F3D465155869320002C7C0 /* cancel@2x.png */; };
		82F3D476155869320002C7C0 /* facebookshare_body.png in Resources */ = {isa = PBXBuildFile; fileRef = 82F3D466155869320002C7C0 /* facebookshare_body.png */; };
		82F3D477155869320002C7C0 /* facebookshare_body@2x.png in Resources */ = {isa = PBXBuildFile; fileRef = 82F3D467155869320002C7C0 /* facebookshare_body@2x.png */; };
		82F3D478155869320002C7C0 /* facebookshare_overlay.png in Resources */ = {isa = PBXBuildFile; fileRef = 82F3D468155869320002C7C0 /* facebookshare_overlay.png */; };
		82F3D479155869320002C7C0 /* facebookshare_overlay@2x.png in Resources */ = {isa = PBXBuildFile; fileRef = 82F3D469155869320002C7C0 /* facebookshare_overlay@2x.png */; };
		82F3D47A155869320002C7C0 /* multi_row.png in Resources */ = {isa = PBXBuildFile; fileRef = 82F3D46A155869320002C7C0 /* multi_row.png */; };
		82F3D47B155869320002C7C0 /* multi_row@2x.png in Resources */ = {isa = PBXBuildFile; fileRef = 82F3D46B155869320002C7C0 /* multi_row@2x.png */; };
		82F3D47C155869320002C7C0 /* send_pressed.png in Resources */ = {isa = PBXBuildFile; fileRef = 82F3D46C155869320002C7C0 /* send_pressed.png */; };
		82F3D47D155869320002C7C0 /* send_pressed@2x.png in Resources */ = {isa = PBXBuildFile; fileRef = 82F3D46D155869320002C7C0 /* send_pressed@2x.png */; };
		82F3D47E155869320002C7C0 /* send.png in Resources */ = {isa = PBXBuildFile; fileRef = 82F3D46E155869320002C7C0 /* send.png */; };
		82F3D47F155869320002C7C0 /* send@2x.png in Resources */ = {isa = PBXBuildFile; fileRef = 82F3D46F155869320002C7C0 /* send@2x.png */; };
		82F3D480155869320002C7C0 /* single_row.png in Resources */ = {isa = PBXBuildFile; fileRef = 82F3D470155869320002C7C0 /* single_row.png */; };
		82F3D481155869320002C7C0 /* single_row@2x.png in Resources */ = {isa = PBXBuildFile; fileRef = 82F3D471155869320002C7C0 /* single_row@2x.png */; };
		B201659D148B529900918973 /* QuartzCore.framework in Frameworks */ = {isa = PBXBuildFile; fileRef = B201659A148B526A00918973 /* QuartzCore.framework */; };
		B221555D14B62D7900A5BB95 /* FlipsideViewController.m in Sources */ = {isa = PBXBuildFile; fileRef = B221555C14B62D7900A5BB95 /* FlipsideViewController.m */; };
		B22877B3155400A30001E668 /* fb_p@2x.png in Resources */ = {isa = PBXBuildFile; fileRef = B22877B2155400A30001E668 /* fb_p@2x.png */; };
		B22877B6155400B30001E668 /* fb_p.png in Resources */ = {isa = PBXBuildFile; fileRef = B22877B5155400B30001E668 /* fb_p.png */; };
		B22877B8155400E70001E668 /* twitter_p.png in Resources */ = {isa = PBXBuildFile; fileRef = B22877B7155400E70001E668 /* twitter_p.png */; };
		B22877BA155400F20001E668 /* twitter_p@2x.png in Resources */ = {isa = PBXBuildFile; fileRef = B22877B9155400F20001E668 /* twitter_p@2x.png */; };
		B22878B815542B910001E668 /* MessageUI.framework in Frameworks */ = {isa = PBXBuildFile; fileRef = B22878B615542B870001E668 /* MessageUI.framework */; };
		B22878BB15542BA80001E668 /* SystemConfiguration.framework in Frameworks */ = {isa = PBXBuildFile; fileRef = B22878B915542BA10001E668 /* SystemConfiguration.framework */; };
		B22879A21554375E0001E668 /* Localizable.strings in Resources */ = {isa = PBXBuildFile; fileRef = B22879A41554375E0001E668 /* Localizable.strings */; };
		B229BE6A148D789E0048A594 /* troll.png in Resources */ = {isa = PBXBuildFile; fileRef = B229BE69148D789E0048A594 /* troll.png */; };
		B235DA89149554A2002D0056 /* shutter.caf in Resources */ = {isa = PBXBuildFile; fileRef = B235DA87149554A2002D0056 /* shutter.caf */; };
		B235DA8A149554A2002D0056 /* swipe.caf in Resources */ = {isa = PBXBuildFile; fileRef = B235DA88149554A2002D0056 /* swipe.caf */; };
		B2430E9314CC38A800EC4BCB /* Security.framework in Frameworks */ = {isa = PBXBuildFile; fileRef = B2430E9214CC38A800EC4BCB /* Security.framework */; };
		B2430E9614CC3BA700EC4BCB /* Utilities.m in Sources */ = {isa = PBXBuildFile; fileRef = B2430E9514CC3BA700EC4BCB /* Utilities.m */; };
		B244FD5F14CAE64600A108BD /* instructions_0.png in Resources */ = {isa = PBXBuildFile; fileRef = B244FD5814CAE64600A108BD /* instructions_0.png */; };
		B244FD6014CAE64600A108BD /* instructions_1.png in Resources */ = {isa = PBXBuildFile; fileRef = B244FD5914CAE64600A108BD /* instructions_1.png */; };
		B244FD6114CAE64600A108BD /* instructions_2.png in Resources */ = {isa = PBXBuildFile; fileRef = B244FD5A14CAE64600A108BD /* instructions_2.png */; };
		B244FD6214CAE64600A108BD /* instructions_3.png in Resources */ = {isa = PBXBuildFile; fileRef = B244FD5B14CAE64600A108BD /* instructions_3.png */; };
		B244FD6314CAE64600A108BD /* instructions_4.png in Resources */ = {isa = PBXBuildFile; fileRef = B244FD5C14CAE64600A108BD /* instructions_4.png */; };
		B244FD6414CAE64600A108BD /* instructions_mask.png in Resources */ = {isa = PBXBuildFile; fileRef = B244FD5D14CAE64600A108BD /* instructions_mask.png */; };
		B244FD6514CAE64600A108BD /* readme_bg.png in Resources */ = {isa = PBXBuildFile; fileRef = B244FD5E14CAE64600A108BD /* readme_bg.png */; };
		B244FD6814CAE65100A108BD /* artofapps.png in Resources */ = {isa = PBXBuildFile; fileRef = B244FD6714CAE65100A108BD /* artofapps.png */; };
		B244FD7114CAE66F00A108BD /* artofapps@2x.png in Resources */ = {isa = PBXBuildFile; fileRef = B244FD6914CAE66E00A108BD /* artofapps@2x.png */; };
		B244FD7214CAE66F00A108BD /* instructions_0@2x.png in Resources */ = {isa = PBXBuildFile; fileRef = B244FD6A14CAE66E00A108BD /* instructions_0@2x.png */; };
		B244FD7314CAE66F00A108BD /* instructions_1@2x.png in Resources */ = {isa = PBXBuildFile; fileRef = B244FD6B14CAE66E00A108BD /* instructions_1@2x.png */; };
		B244FD7414CAE66F00A108BD /* instructions_2@2x.png in Resources */ = {isa = PBXBuildFile; fileRef = B244FD6C14CAE66E00A108BD /* instructions_2@2x.png */; };
		B244FD7514CAE66F00A108BD /* instructions_3@2x.png in Resources */ = {isa = PBXBuildFile; fileRef = B244FD6D14CAE66E00A108BD /* instructions_3@2x.png */; };
		B244FD7614CAE66F00A108BD /* instructions_4@2x.png in Resources */ = {isa = PBXBuildFile; fileRef = B244FD6E14CAE66E00A108BD /* instructions_4@2x.png */; };
		B244FD7714CAE66F00A108BD /* instructions_mask@2x.png in Resources */ = {isa = PBXBuildFile; fileRef = B244FD6F14CAE66E00A108BD /* instructions_mask@2x.png */; };
		B244FD7814CAE66F00A108BD /* readme_bg@2x.png in Resources */ = {isa = PBXBuildFile; fileRef = B244FD7014CAE66E00A108BD /* readme_bg@2x.png */; };
		B25DC5971550764A00E2FEF9 /* SettingsViewController.m in Sources */ = {isa = PBXBuildFile; fileRef = B25DC5961550764A00E2FEF9 /* SettingsViewController.m */; };
		B26852D01486C1D400FDDB3B /* UIKit.framework in Frameworks */ = {isa = PBXBuildFile; fileRef = B26852CF1486C1D300FDDB3B /* UIKit.framework */; };
		B26852D21486C1D400FDDB3B /* Foundation.framework in Frameworks */ = {isa = PBXBuildFile; fileRef = B26852D11486C1D400FDDB3B /* Foundation.framework */; };
		B26852D41486C1D400FDDB3B /* CoreGraphics.framework in Frameworks */ = {isa = PBXBuildFile; fileRef = B26852D31486C1D400FDDB3B /* CoreGraphics.framework */; };
		B26852DA1486C1D400FDDB3B /* InfoPlist.strings in Resources */ = {isa = PBXBuildFile; fileRef = B26852D81486C1D400FDDB3B /* InfoPlist.strings */; };
		B26852DC1486C1D400FDDB3B /* main.m in Sources */ = {isa = PBXBuildFile; fileRef = B26852DB1486C1D400FDDB3B /* main.m */; };
		B26852E01486C1D400FDDB3B /* bConverterAppDelegate.m in Sources */ = {isa = PBXBuildFile; fileRef = B26852DF1486C1D400FDDB3B /* bConverterAppDelegate.m */; };
		B26852E31486C1D400FDDB3B /* MainStoryboard.storyboard in Resources */ = {isa = PBXBuildFile; fileRef = B26852E11486C1D400FDDB3B /* MainStoryboard.storyboard */; };
		B26852E51486C1D400FDDB3B /* bConverterViewController.h in Resources */ = {isa = PBXBuildFile; fileRef = B26852E41486C1D400FDDB3B /* bConverterViewController.h */; };
		B26852E71486C1D400FDDB3B /* bConverterViewController.m in Sources */ = {isa = PBXBuildFile; fileRef = B26852E61486C1D400FDDB3B /* bConverterViewController.m */; };
		B26852EF1486C1D400FDDB3B /* SenTestingKit.framework in Frameworks */ = {isa = PBXBuildFile; fileRef = B26852EE1486C1D400FDDB3B /* SenTestingKit.framework */; };
		B26852F01486C1D400FDDB3B /* UIKit.framework in Frameworks */ = {isa = PBXBuildFile; fileRef = B26852CF1486C1D300FDDB3B /* UIKit.framework */; };
		B26852F11486C1D400FDDB3B /* Foundation.framework in Frameworks */ = {isa = PBXBuildFile; fileRef = B26852D11486C1D400FDDB3B /* Foundation.framework */; };
		B26852F21486C1D400FDDB3B /* CoreGraphics.framework in Frameworks */ = {isa = PBXBuildFile; fileRef = B26852D31486C1D400FDDB3B /* CoreGraphics.framework */; };
		B26852FA1486C1D400FDDB3B /* InfoPlist.strings in Resources */ = {isa = PBXBuildFile; fileRef = B26852F81486C1D400FDDB3B /* InfoPlist.strings */; };
		B26852FC1486C1D400FDDB3B /* bConverterTests.h in Resources */ = {isa = PBXBuildFile; fileRef = B26852FB1486C1D400FDDB3B /* bConverterTests.h */; };
		B26852FE1486C1D400FDDB3B /* bConverterTests.m in Sources */ = {isa = PBXBuildFile; fileRef = B26852FD1486C1D400FDDB3B /* bConverterTests.m */; };
		B268BA2D1491B7D3003AB661 /* troll@2x.png in Resources */ = {isa = PBXBuildFile; fileRef = B268BA2C1491B7D3003AB661 /* troll@2x.png */; };
		B26BF862148842BA00E3F7A0 /* buttons_down_bin.png in Resources */ = {isa = PBXBuildFile; fileRef = B26BF85E148842BA00E3F7A0 /* buttons_down_bin.png */; };
		B26BF863148842BA00E3F7A0 /* buttons_down_dec.png in Resources */ = {isa = PBXBuildFile; fileRef = B26BF85F148842BA00E3F7A0 /* buttons_down_dec.png */; };
		B26BF864148842BA00E3F7A0 /* buttons_down_hex.png in Resources */ = {isa = PBXBuildFile; fileRef = B26BF860148842BA00E3F7A0 /* buttons_down_hex.png */; };
		B26BF865148842BA00E3F7A0 /* buttons_down_ott.png in Resources */ = {isa = PBXBuildFile; fileRef = B26BF861148842BA00E3F7A0 /* buttons_down_ott.png */; };
		B26BF86B148842D600E3F7A0 /* buttons_down_bin@2x.png in Resources */ = {isa = PBXBuildFile; fileRef = B26BF867148842D600E3F7A0 /* buttons_down_bin@2x.png */; };
		B26BF86C148842D600E3F7A0 /* buttons_down_dec@2x.png in Resources */ = {isa = PBXBuildFile; fileRef = B26BF868148842D600E3F7A0 /* buttons_down_dec@2x.png */; };
		B26BF86D148842D600E3F7A0 /* buttons_down_hex@2x.png in Resources */ = {isa = PBXBuildFile; fileRef = B26BF869148842D600E3F7A0 /* buttons_down_hex@2x.png */; };
		B26BF86E148842D600E3F7A0 /* buttons_down_ott@2x.png in Resources */ = {isa = PBXBuildFile; fileRef = B26BF86A148842D600E3F7A0 /* buttons_down_ott@2x.png */; };
		B26BF870148842E500E3F7A0 /* mask.png in Resources */ = {isa = PBXBuildFile; fileRef = B26BF86F148842E500E3F7A0 /* mask.png */; };
		B26BF872148842F400E3F7A0 /* mask@2x.png in Resources */ = {isa = PBXBuildFile; fileRef = B26BF871148842F400E3F7A0 /* mask@2x.png */; };
		B26BF87514884A9300E3F7A0 /* mask_down.png in Resources */ = {isa = PBXBuildFile; fileRef = B26BF87314884A9300E3F7A0 /* mask_down.png */; };
		B26BF87614884A9300E3F7A0 /* mask_up.png in Resources */ = {isa = PBXBuildFile; fileRef = B26BF87414884A9300E3F7A0 /* mask_up.png */; };
		B26BF87914884AEA00E3F7A0 /* mask_down@2x.png in Resources */ = {isa = PBXBuildFile; fileRef = B26BF87714884AEA00E3F7A0 /* mask_down@2x.png */; };
		B26BF87A14884AEA00E3F7A0 /* mask_up@2x.png in Resources */ = {isa = PBXBuildFile; fileRef = B26BF87814884AEA00E3F7A0 /* mask_up@2x.png */; };
		B285D1A3148E92750031186C /* wwDigital.ttf in Resources */ = {isa = PBXBuildFile; fileRef = B285D1A2148E92750031186C /* wwDigital.ttf */; };
		B28DB4AD148700790026BC67 /* Icon.png in Resources */ = {isa = PBXBuildFile; fileRef = B28DB4AB148700790026BC67 /* Icon.png */; };
		B28DB4AE148700790026BC67 /* Icon.png in Resources */ = {isa = PBXBuildFile; fileRef = B28DB4AB148700790026BC67 /* Icon.png */; };
		B28DB4AF148700790026BC67 /* Icon@2x.png in Resources */ = {isa = PBXBuildFile; fileRef = B28DB4AC148700790026BC67 /* Icon@2x.png */; };
		B28DB4B0148700790026BC67 /* Icon@2x.png in Resources */ = {isa = PBXBuildFile; fileRef = B28DB4AC148700790026BC67 /* Icon@2x.png */; };
		B290AB78156D90DD000CE05E /* button_up_ascii.png in Resources */ = {isa = PBXBuildFile; fileRef = B290AB76156D90DD000CE05E /* button_up_ascii.png */; };
		B290AB79156D90DD000CE05E /* buttons_down_ascii.png in Resources */ = {isa = PBXBuildFile; fileRef = B290AB77156D90DD000CE05E /* buttons_down_ascii.png */; };
		B290AB7D156D90EE000CE05E /* button_up_ascii@2x.png in Resources */ = {isa = PBXBuildFile; fileRef = B290AB7B156D90EE000CE05E /* button_up_ascii@2x.png */; };
		B290AB7E156D90EE000CE05E /* buttons_down_ascii@2x.png in Resources */ = {isa = PBXBuildFile; fileRef = B290AB7C156D90EE000CE05E /* buttons_down_ascii@2x.png */; };
		B293434114CCE21F004F2D6B /* NSData+AESCrypt.m in Sources */ = {isa = PBXBuildFile; fileRef = B293433E14CCE21F004F2D6B /* NSData+AESCrypt.m */; };
		B293434214CCE21F004F2D6B /* NSString+AESCrypt.m in Sources */ = {isa = PBXBuildFile; fileRef = B293434014CCE21F004F2D6B /* NSString+AESCrypt.m */; };
		B2A2FD0014954F8A00A38801 /* AVFoundation.framework in Frameworks */ = {isa = PBXBuildFile; fileRef = B2A2FCFE14954F7F00A38801 /* AVFoundation.framework */; };
		B2C3545E1552DA5D00DA3A9B /* fb.png in Resources */ = {isa = PBXBuildFile; fileRef = B2C3545D1552DA5D00DA3A9B /* fb.png */; };
		B2C354601552DA6700DA3A9B /* twitter.png in Resources */ = {isa = PBXBuildFile; fileRef = B2C3545F1552DA6700DA3A9B /* twitter.png */; };
		B2C354621552DA7300DA3A9B /* fb@2x.png in Resources */ = {isa = PBXBuildFile; fileRef = B2C354611552DA7300DA3A9B /* fb@2x.png */; };
		B2C354641552DA7C00DA3A9B /* twitter@2x.png in Resources */ = {isa = PBXBuildFile; fileRef = B2C354631552DA7C00DA3A9B /* twitter@2x.png */; };
		B2C354741552EFAE00DA3A9B /* Twitter.framework in Frameworks */ = {isa = PBXBuildFile; fileRef = B2C354721552EF4900DA3A9B /* Twitter.framework */; };
		B2C7ACC714C90F52002B47CF /* infobutton_.png in Resources */ = {isa = PBXBuildFile; fileRef = B2C7ACC514C90F52002B47CF /* infobutton_.png */; };
		B2C7ACC814C90F52002B47CF /* infobutton.png in Resources */ = {isa = PBXBuildFile; fileRef = B2C7ACC614C90F52002B47CF /* infobutton.png */; };
		B2C7ACCB14C90F9E002B47CF /* infobutton_@2x.png in Resources */ = {isa = PBXBuildFile; fileRef = B2C7ACC914C90F9E002B47CF /* infobutton_@2x.png */; };
		B2C7ACCC14C90F9E002B47CF /* infobutton@2x.png in Resources */ = {isa = PBXBuildFile; fileRef = B2C7ACCA14C90F9E002B47CF /* infobutton@2x.png */; };
		B2CA0F281487CAE8000880AF /* background.png in Resources */ = {isa = PBXBuildFile; fileRef = B2CA0F091487CAE8000880AF /* background.png */; };
		B2CA0F291487CAE8000880AF /* background.png in Resources */ = {isa = PBXBuildFile; fileRef = B2CA0F091487CAE8000880AF /* background.png */; };
		B2CA0F2A1487CAE8000880AF /* button_up_bin.png in Resources */ = {isa = PBXBuildFile; fileRef = B2CA0F0A1487CAE8000880AF /* button_up_bin.png */; };
		B2CA0F2B1487CAE8000880AF /* button_up_bin.png in Resources */ = {isa = PBXBuildFile; fileRef = B2CA0F0A1487CAE8000880AF /* button_up_bin.png */; };
		B2CA0F2C1487CAE8000880AF /* button_up_dec.png in Resources */ = {isa = PBXBuildFile; fileRef = B2CA0F0B1487CAE8000880AF /* button_up_dec.png */; };
		B2CA0F2D1487CAE8000880AF /* button_up_dec.png in Resources */ = {isa = PBXBuildFile; fileRef = B2CA0F0B1487CAE8000880AF /* button_up_dec.png */; };
		B2CA0F2E1487CAE8000880AF /* button_up_hex.png in Resources */ = {isa = PBXBuildFile; fileRef = B2CA0F0C1487CAE8000880AF /* button_up_hex.png */; };
		B2CA0F2F1487CAE8000880AF /* button_up_hex.png in Resources */ = {isa = PBXBuildFile; fileRef = B2CA0F0C1487CAE8000880AF /* button_up_hex.png */; };
		B2CA0F301487CAE8000880AF /* button_up_ott.png in Resources */ = {isa = PBXBuildFile; fileRef = B2CA0F0D1487CAE8000880AF /* button_up_ott.png */; };
		B2CA0F311487CAE8000880AF /* button_up_ott.png in Resources */ = {isa = PBXBuildFile; fileRef = B2CA0F0D1487CAE8000880AF /* button_up_ott.png */; };
		B2CA0F321487CAE8000880AF /* buttons_separator.png in Resources */ = {isa = PBXBuildFile; fileRef = B2CA0F0E1487CAE8000880AF /* buttons_separator.png */; };
		B2CA0F331487CAE8000880AF /* buttons_separator.png in Resources */ = {isa = PBXBuildFile; fileRef = B2CA0F0E1487CAE8000880AF /* buttons_separator.png */; };
		B2CA0F341487CAE8000880AF /* closed_down.png in Resources */ = {isa = PBXBuildFile; fileRef = B2CA0F0F1487CAE8000880AF /* closed_down.png */; };
		B2CA0F351487CAE8000880AF /* closed_down.png in Resources */ = {isa = PBXBuildFile; fileRef = B2CA0F0F1487CAE8000880AF /* closed_down.png */; };
		B2CA0F361487CAE8000880AF /* closed_up.png in Resources */ = {isa = PBXBuildFile; fileRef = B2CA0F101487CAE8000880AF /* closed_up.png */; };
		B2CA0F371487CAE8000880AF /* closed_up.png in Resources */ = {isa = PBXBuildFile; fileRef = B2CA0F101487CAE8000880AF /* closed_up.png */; };
		B2CA0F381487CAE8000880AF /* selector_down.png in Resources */ = {isa = PBXBuildFile; fileRef = B2CA0F111487CAE8000880AF /* selector_down.png */; };
		B2CA0F391487CAE8000880AF /* selector_down.png in Resources */ = {isa = PBXBuildFile; fileRef = B2CA0F111487CAE8000880AF /* selector_down.png */; };
		B2CA0F3A1487CAE8000880AF /* selector_up.png in Resources */ = {isa = PBXBuildFile; fileRef = B2CA0F121487CAE8000880AF /* selector_up.png */; };
		B2CA0F3B1487CAE8000880AF /* selector_up.png in Resources */ = {isa = PBXBuildFile; fileRef = B2CA0F121487CAE8000880AF /* selector_up.png */; };
		B2CA0F3C1487CAE8000880AF /* selectors.png in Resources */ = {isa = PBXBuildFile; fileRef = B2CA0F131487CAE8000880AF /* selectors.png */; };
		B2CA0F3D1487CAE8000880AF /* selectors.png in Resources */ = {isa = PBXBuildFile; fileRef = B2CA0F131487CAE8000880AF /* selectors.png */; };
		B2CA0F3E1487CAE8000880AF /* switch_bg.png in Resources */ = {isa = PBXBuildFile; fileRef = B2CA0F141487CAE8000880AF /* switch_bg.png */; };
		B2CA0F3F1487CAE8000880AF /* switch_bg.png in Resources */ = {isa = PBXBuildFile; fileRef = B2CA0F141487CAE8000880AF /* switch_bg.png */; };
		B2CA0F401487CAE9000880AF /* switch_light.png in Resources */ = {isa = PBXBuildFile; fileRef = B2CA0F151487CAE8000880AF /* switch_light.png */; };
		B2CA0F411487CAE9000880AF /* switch_light.png in Resources */ = {isa = PBXBuildFile; fileRef = B2CA0F151487CAE8000880AF /* switch_light.png */; };
		B2CA0F421487CAE9000880AF /* switch_light_down.png in Resources */ = {isa = PBXBuildFile; fileRef = B2CA0F161487CAE8000880AF /* switch_light_down.png */; };
		B2CA0F431487CAE9000880AF /* switch_light_down.png in Resources */ = {isa = PBXBuildFile; fileRef = B2CA0F161487CAE8000880AF /* switch_light_down.png */; };
		B2CA0F441487CAE9000880AF /* switch_light_up.png in Resources */ = {isa = PBXBuildFile; fileRef = B2CA0F171487CAE8000880AF /* switch_light_up.png */; };
		B2CA0F451487CAE9000880AF /* switch_light_up.png in Resources */ = {isa = PBXBuildFile; fileRef = B2CA0F171487CAE8000880AF /* switch_light_up.png */; };
		B2CA0F461487CAE9000880AF /* background@2x.png in Resources */ = {isa = PBXBuildFile; fileRef = B2CA0F191487CAE8000880AF /* background@2x.png */; };
		B2CA0F471487CAE9000880AF /* background@2x.png in Resources */ = {isa = PBXBuildFile; fileRef = B2CA0F191487CAE8000880AF /* background@2x.png */; };
		B2CA0F481487CAE9000880AF /* button_up_bin@2x.png in Resources */ = {isa = PBXBuildFile; fileRef = B2CA0F1A1487CAE8000880AF /* button_up_bin@2x.png */; };
		B2CA0F491487CAE9000880AF /* button_up_bin@2x.png in Resources */ = {isa = PBXBuildFile; fileRef = B2CA0F1A1487CAE8000880AF /* button_up_bin@2x.png */; };
		B2CA0F4A1487CAE9000880AF /* button_up_dec@2x.png in Resources */ = {isa = PBXBuildFile; fileRef = B2CA0F1B1487CAE8000880AF /* button_up_dec@2x.png */; };
		B2CA0F4B1487CAE9000880AF /* button_up_dec@2x.png in Resources */ = {isa = PBXBuildFile; fileRef = B2CA0F1B1487CAE8000880AF /* button_up_dec@2x.png */; };
		B2CA0F4C1487CAE9000880AF /* button_up_hex@2x.png in Resources */ = {isa = PBXBuildFile; fileRef = B2CA0F1C1487CAE8000880AF /* button_up_hex@2x.png */; };
		B2CA0F4D1487CAE9000880AF /* button_up_hex@2x.png in Resources */ = {isa = PBXBuildFile; fileRef = B2CA0F1C1487CAE8000880AF /* button_up_hex@2x.png */; };
		B2CA0F4E1487CAE9000880AF /* button_up_ott@2x.png in Resources */ = {isa = PBXBuildFile; fileRef = B2CA0F1D1487CAE8000880AF /* button_up_ott@2x.png */; };
		B2CA0F4F1487CAE9000880AF /* button_up_ott@2x.png in Resources */ = {isa = PBXBuildFile; fileRef = B2CA0F1D1487CAE8000880AF /* button_up_ott@2x.png */; };
		B2CA0F501487CAE9000880AF /* buttons_separator@2x.png in Resources */ = {isa = PBXBuildFile; fileRef = B2CA0F1E1487CAE8000880AF /* buttons_separator@2x.png */; };
		B2CA0F511487CAE9000880AF /* buttons_separator@2x.png in Resources */ = {isa = PBXBuildFile; fileRef = B2CA0F1E1487CAE8000880AF /* buttons_separator@2x.png */; };
		B2CA0F521487CAE9000880AF /* closed_down@2x.png in Resources */ = {isa = PBXBuildFile; fileRef = B2CA0F1F1487CAE8000880AF /* closed_down@2x.png */; };
		B2CA0F531487CAE9000880AF /* closed_down@2x.png in Resources */ = {isa = PBXBuildFile; fileRef = B2CA0F1F1487CAE8000880AF /* closed_down@2x.png */; };
		B2CA0F541487CAE9000880AF /* closed_up@2x.png in Resources */ = {isa = PBXBuildFile; fileRef = B2CA0F201487CAE8000880AF /* closed_up@2x.png */; };
		B2CA0F551487CAE9000880AF /* closed_up@2x.png in Resources */ = {isa = PBXBuildFile; fileRef = B2CA0F201487CAE8000880AF /* closed_up@2x.png */; };
		B2CA0F561487CAE9000880AF /* selector_down@2x.png in Resources */ = {isa = PBXBuildFile; fileRef = B2CA0F211487CAE8000880AF /* selector_down@2x.png */; };
		B2CA0F571487CAE9000880AF /* selector_down@2x.png in Resources */ = {isa = PBXBuildFile; fileRef = B2CA0F211487CAE8000880AF /* selector_down@2x.png */; };
		B2CA0F581487CAE9000880AF /* selector_up@2x.png in Resources */ = {isa = PBXBuildFile; fileRef = B2CA0F221487CAE8000880AF /* selector_up@2x.png */; };
		B2CA0F591487CAE9000880AF /* selector_up@2x.png in Resources */ = {isa = PBXBuildFile; fileRef = B2CA0F221487CAE8000880AF /* selector_up@2x.png */; };
		B2CA0F5A1487CAE9000880AF /* selectors@2x.png in Resources */ = {isa = PBXBuildFile; fileRef = B2CA0F231487CAE8000880AF /* selectors@2x.png */; };
		B2CA0F5B1487CAE9000880AF /* selectors@2x.png in Resources */ = {isa = PBXBuildFile; fileRef = B2CA0F231487CAE8000880AF /* selectors@2x.png */; };
		B2CA0F5C1487CAE9000880AF /* switch_bg@2x.png in Resources */ = {isa = PBXBuildFile; fileRef = B2CA0F241487CAE8000880AF /* switch_bg@2x.png */; };
		B2CA0F5D1487CAE9000880AF /* switch_bg@2x.png in Resources */ = {isa = PBXBuildFile; fileRef = B2CA0F241487CAE8000880AF /* switch_bg@2x.png */; };
		B2CA0F5E1487CAE9000880AF /* switch_light@2x.png in Resources */ = {isa = PBXBuildFile; fileRef = B2CA0F251487CAE8000880AF /* switch_light@2x.png */; };
		B2CA0F5F1487CAE9000880AF /* switch_light@2x.png in Resources */ = {isa = PBXBuildFile; fileRef = B2CA0F251487CAE8000880AF /* switch_light@2x.png */; };
		B2CA0F601487CAE9000880AF /* switch_light_down@2x.png in Resources */ = {isa = PBXBuildFile; fileRef = B2CA0F261487CAE8000880AF /* switch_light_down@2x.png */; };
		B2CA0F611487CAE9000880AF /* switch_light_down@2x.png in Resources */ = {isa = PBXBuildFile; fileRef = B2CA0F261487CAE8000880AF /* switch_light_down@2x.png */; };
		B2CA0F621487CAE9000880AF /* switch_light_up@2x.png in Resources */ = {isa = PBXBuildFile; fileRef = B2CA0F271487CAE8000880AF /* switch_light_up@2x.png */; };
		B2CA0F631487CAE9000880AF /* switch_light_up@2x.png in Resources */ = {isa = PBXBuildFile; fileRef = B2CA0F271487CAE8000880AF /* switch_light_up@2x.png */; };
		B2CCA6C3148B2A0D007FB723 /* Default.png in Resources */ = {isa = PBXBuildFile; fileRef = B2CCA6C2148B2A0D007FB723 /* Default.png */; };
		B2CCA6C6148B2A25007FB723 /* Default@2x.png in Resources */ = {isa = PBXBuildFile; fileRef = B2CCA6C5148B2A25007FB723 /* Default@2x.png */; };
		B2DC50A8155AD3AB00F998A8 /* save_button_p@2x.png in Resources */ = {isa = PBXBuildFile; fileRef = B2DC50A6155AD3AB00F998A8 /* save_button_p@2x.png */; };
		B2DC50A9155AD3AB00F998A8 /* save_button@2x.png in Resources */ = {isa = PBXBuildFile; fileRef = B2DC50A7155AD3AB00F998A8 /* save_button@2x.png */; };
		B2DC50AC155AD47800F998A8 /* save_button.png in Resources */ = {isa = PBXBuildFile; fileRef = B2DC50AA155AD47800F998A8 /* save_button.png */; };
		B2DC50AD155AD47800F998A8 /* save_button_p.png in Resources */ = {isa = PBXBuildFile; fileRef = B2DC50AB155AD47800F998A8 /* save_button_p.png */; };
		B2EAED1A15644CDA00315254 /* libz.dylib in Frameworks */ = {isa = PBXBuildFile; fileRef = B2EAED1915644CDA00315254 /* libz.dylib */; };
		B2F5C71C17D2F8E30039B8AE /* CoreMotion.framework in Frameworks */ = {isa = PBXBuildFile; fileRef = B2F5C71B17D2F8E30039B8AE /* CoreMotion.framework */; };
/* End PBXBuildFile section */

/* Begin PBXContainerItemProxy section */
		B26852F31486C1D400FDDB3B /* PBXContainerItemProxy */ = {
			isa = PBXContainerItemProxy;
			containerPortal = B26852C21486C1D300FDDB3B /* Project object */;
			proxyType = 1;
			remoteGlobalIDString = B26852CA1486C1D300FDDB3B;
			remoteInfo = bConverter;
		};
/* End PBXContainerItemProxy section */

/* Begin PBXFileReference section */
		18951CC616D55943000B36CB /* Default-568h@2x.png */ = {isa = PBXFileReference; lastKnownFileType = image.png; path = "Default-568h@2x.png"; sourceTree = "<group>"; };
		824D8009155862CD00AD50B4 /* Facebook.h */ = {isa = PBXFileReference; fileEncoding = 4; lastKnownFileType = sourcecode.c.h; path = Facebook.h; sourceTree = "<group>"; };
		824D800A155862CD00AD50B4 /* Facebook.m */ = {isa = PBXFileReference; fileEncoding = 4; lastKnownFileType = sourcecode.c.objc; path = Facebook.m; sourceTree = "<group>"; };
		824D800B155862CD00AD50B4 /* facebook_ios_sdk_Prefix.pch */ = {isa = PBXFileReference; fileEncoding = 4; lastKnownFileType = sourcecode.c.h; path = facebook_ios_sdk_Prefix.pch; sourceTree = "<group>"; };
		824D800C155862CD00AD50B4 /* FBConnect.h */ = {isa = PBXFileReference; fileEncoding = 4; lastKnownFileType = sourcecode.c.h; path = FBConnect.h; sourceTree = "<group>"; };
		824D800D155862CD00AD50B4 /* FBDialog.bundle */ = {isa = PBXFileReference; lastKnownFileType = "wrapper.plug-in"; path = FBDialog.bundle; sourceTree = "<group>"; };
		824D800E155862CD00AD50B4 /* FBDialog.h */ = {isa = PBXFileReference; fileEncoding = 4; lastKnownFileType = sourcecode.c.h; path = FBDialog.h; sourceTree = "<group>"; };
		824D800F155862CD00AD50B4 /* FBDialog.m */ = {isa = PBXFileReference; fileEncoding = 4; lastKnownFileType = sourcecode.c.objc; path = FBDialog.m; sourceTree = "<group>"; };
		824D8010155862CD00AD50B4 /* FBFrictionlessRequestSettings.h */ = {isa = PBXFileReference; fileEncoding = 4; lastKnownFileType = sourcecode.c.h; path = FBFrictionlessRequestSettings.h; sourceTree = "<group>"; };
		824D8011155862CD00AD50B4 /* FBFrictionlessRequestSettings.m */ = {isa = PBXFileReference; fileEncoding = 4; lastKnownFileType = sourcecode.c.objc; path = FBFrictionlessRequestSettings.m; sourceTree = "<group>"; };
		824D8012155862CD00AD50B4 /* FBLoginDialog.h */ = {isa = PBXFileReference; fileEncoding = 4; lastKnownFileType = sourcecode.c.h; path = FBLoginDialog.h; sourceTree = "<group>"; };
		824D8013155862CD00AD50B4 /* FBLoginDialog.m */ = {isa = PBXFileReference; fileEncoding = 4; lastKnownFileType = sourcecode.c.objc; path = FBLoginDialog.m; sourceTree = "<group>"; };
		824D8014155862CD00AD50B4 /* FBRequest.h */ = {isa = PBXFileReference; fileEncoding = 4; lastKnownFileType = sourcecode.c.h; path = FBRequest.h; sourceTree = "<group>"; };
		824D8015155862CD00AD50B4 /* FBRequest.m */ = {isa = PBXFileReference; fileEncoding = 4; lastKnownFileType = sourcecode.c.objc; path = FBRequest.m; sourceTree = "<group>"; };
		824D8017155862CD00AD50B4 /* JSON.h */ = {isa = PBXFileReference; fileEncoding = 4; lastKnownFileType = sourcecode.c.h; path = JSON.h; sourceTree = "<group>"; };
		824D8018155862CD00AD50B4 /* NSObject+SBJSON.h */ = {isa = PBXFileReference; fileEncoding = 4; lastKnownFileType = sourcecode.c.h; path = "NSObject+SBJSON.h"; sourceTree = "<group>"; };
		824D8019155862CD00AD50B4 /* NSObject+SBJSON.m */ = {isa = PBXFileReference; fileEncoding = 4; lastKnownFileType = sourcecode.c.objc; path = "NSObject+SBJSON.m"; sourceTree = "<group>"; };
		824D801A155862CD00AD50B4 /* NSString+SBJSON.h */ = {isa = PBXFileReference; fileEncoding = 4; lastKnownFileType = sourcecode.c.h; path = "NSString+SBJSON.h"; sourceTree = "<group>"; };
		824D801B155862CD00AD50B4 /* NSString+SBJSON.m */ = {isa = PBXFileReference; fileEncoding = 4; lastKnownFileType = sourcecode.c.objc; path = "NSString+SBJSON.m"; sourceTree = "<group>"; };
		824D801C155862CD00AD50B4 /* SBJSON.h */ = {isa = PBXFileReference; fileEncoding = 4; lastKnownFileType = sourcecode.c.h; path = SBJSON.h; sourceTree = "<group>"; };
		824D801D155862CD00AD50B4 /* SBJSON.m */ = {isa = PBXFileReference; fileEncoding = 4; lastKnownFileType = sourcecode.c.objc; path = SBJSON.m; sourceTree = "<group>"; };
		824D801E155862CD00AD50B4 /* SBJsonBase.h */ = {isa = PBXFileReference; fileEncoding = 4; lastKnownFileType = sourcecode.c.h; path = SBJsonBase.h; sourceTree = "<group>"; };
		824D801F155862CD00AD50B4 /* SBJsonBase.m */ = {isa = PBXFileReference; fileEncoding = 4; lastKnownFileType = sourcecode.c.objc; path = SBJsonBase.m; sourceTree = "<group>"; };
		824D8020155862CD00AD50B4 /* SBJsonParser.h */ = {isa = PBXFileReference; fileEncoding = 4; lastKnownFileType = sourcecode.c.h; path = SBJsonParser.h; sourceTree = "<group>"; };
		824D8021155862CD00AD50B4 /* SBJsonParser.m */ = {isa = PBXFileReference; fileEncoding = 4; lastKnownFileType = sourcecode.c.objc; path = SBJsonParser.m; sourceTree = "<group>"; };
		824D8022155862CD00AD50B4 /* SBJsonWriter.h */ = {isa = PBXFileReference; fileEncoding = 4; lastKnownFileType = sourcecode.c.h; path = SBJsonWriter.h; sourceTree = "<group>"; };
		824D8023155862CD00AD50B4 /* SBJsonWriter.m */ = {isa = PBXFileReference; fileEncoding = 4; lastKnownFileType = sourcecode.c.objc; path = SBJsonWriter.m; sourceTree = "<group>"; };
		824D80311558635300AD50B4 /* DERuledView.h */ = {isa = PBXFileReference; fileEncoding = 4; lastKnownFileType = sourcecode.c.h; path = DERuledView.h; sourceTree = "<group>"; };
		824D80321558635300AD50B4 /* DERuledView.m */ = {isa = PBXFileReference; fileEncoding = 4; lastKnownFileType = sourcecode.c.objc; path = DERuledView.m; sourceTree = "<group>"; };
		824D80331558635300AD50B4 /* DETweetTextView.h */ = {isa = PBXFileReference; fileEncoding = 4; lastKnownFileType = sourcecode.c.h; path = DETweetTextView.h; sourceTree = "<group>"; };
		824D80341558635300AD50B4 /* DETweetTextView.m */ = {isa = PBXFileReference; fileEncoding = 4; lastKnownFileType = sourcecode.c.objc; path = DETweetTextView.m; sourceTree = "<group>"; };
		824D80351558635300AD50B4 /* UIDevice+DETweetComposeViewController.h */ = {isa = PBXFileReference; fileEncoding = 4; lastKnownFileType = sourcecode.c.h; path = "UIDevice+DETweetComposeViewController.h"; sourceTree = "<group>"; };
		824D80361558635300AD50B4 /* UIDevice+DETweetComposeViewController.m */ = {isa = PBXFileReference; fileEncoding = 4; lastKnownFileType = sourcecode.c.objc; path = "UIDevice+DETweetComposeViewController.m"; sourceTree = "<group>"; };
		82F3D462155869320002C7C0 /* cancel_pressed.png */ = {isa = PBXFileReference; lastKnownFileType = image.png; path = cancel_pressed.png; sourceTree = "<group>"; };
		82F3D463155869320002C7C0 /* cancel_pressed@2x.png */ = {isa = PBXFileReference; lastKnownFileType = image.png; path = "cancel_pressed@2x.png"; sourceTree = "<group>"; };
		82F3D464155869320002C7C0 /* cancel.png */ = {isa = PBXFileReference; lastKnownFileType = image.png; path = cancel.png; sourceTree = "<group>"; };
		82F3D465155869320002C7C0 /* cancel@2x.png */ = {isa = PBXFileReference; lastKnownFileType = image.png; path = "cancel@2x.png"; sourceTree = "<group>"; };
		82F3D466155869320002C7C0 /* facebookshare_body.png */ = {isa = PBXFileReference; lastKnownFileType = image.png; path = facebookshare_body.png; sourceTree = "<group>"; };
		82F3D467155869320002C7C0 /* facebookshare_body@2x.png */ = {isa = PBXFileReference; lastKnownFileType = image.png; path = "facebookshare_body@2x.png"; sourceTree = "<group>"; };
		82F3D468155869320002C7C0 /* facebookshare_overlay.png */ = {isa = PBXFileReference; lastKnownFileType = image.png; path = facebookshare_overlay.png; sourceTree = "<group>"; };
		82F3D469155869320002C7C0 /* facebookshare_overlay@2x.png */ = {isa = PBXFileReference; lastKnownFileType = image.png; path = "facebookshare_overlay@2x.png"; sourceTree = "<group>"; };
		82F3D46A155869320002C7C0 /* multi_row.png */ = {isa = PBXFileReference; lastKnownFileType = image.png; path = multi_row.png; sourceTree = "<group>"; };
		82F3D46B155869320002C7C0 /* multi_row@2x.png */ = {isa = PBXFileReference; lastKnownFileType = image.png; path = "multi_row@2x.png"; sourceTree = "<group>"; };
		82F3D46C155869320002C7C0 /* send_pressed.png */ = {isa = PBXFileReference; lastKnownFileType = image.png; path = send_pressed.png; sourceTree = "<group>"; };
		82F3D46D155869320002C7C0 /* send_pressed@2x.png */ = {isa = PBXFileReference; lastKnownFileType = image.png; path = "send_pressed@2x.png"; sourceTree = "<group>"; };
		82F3D46E155869320002C7C0 /* send.png */ = {isa = PBXFileReference; lastKnownFileType = image.png; path = send.png; sourceTree = "<group>"; };
		82F3D46F155869320002C7C0 /* send@2x.png */ = {isa = PBXFileReference; lastKnownFileType = image.png; path = "send@2x.png"; sourceTree = "<group>"; };
		82F3D470155869320002C7C0 /* single_row.png */ = {isa = PBXFileReference; lastKnownFileType = image.png; path = single_row.png; sourceTree = "<group>"; };
		82F3D471155869320002C7C0 /* single_row@2x.png */ = {isa = PBXFileReference; lastKnownFileType = image.png; path = "single_row@2x.png"; sourceTree = "<group>"; };
		B201659A148B526A00918973 /* QuartzCore.framework */ = {isa = PBXFileReference; lastKnownFileType = wrapper.framework; name = QuartzCore.framework; path = System/Library/Frameworks/QuartzCore.framework; sourceTree = SDKROOT; };
		B221555B14B62D7800A5BB95 /* FlipsideViewController.h */ = {isa = PBXFileReference; fileEncoding = 4; lastKnownFileType = sourcecode.c.h; path = FlipsideViewController.h; sourceTree = "<group>"; };
		B221555C14B62D7900A5BB95 /* FlipsideViewController.m */ = {isa = PBXFileReference; fileEncoding = 4; lastKnownFileType = sourcecode.c.objc; path = FlipsideViewController.m; sourceTree = "<group>"; };
		B22877B2155400A30001E668 /* fb_p@2x.png */ = {isa = PBXFileReference; lastKnownFileType = image.png; path = "fb_p@2x.png"; sourceTree = "<group>"; };
		B22877B5155400B30001E668 /* fb_p.png */ = {isa = PBXFileReference; lastKnownFileType = image.png; path = fb_p.png; sourceTree = "<group>"; };
		B22877B7155400E70001E668 /* twitter_p.png */ = {isa = PBXFileReference; lastKnownFileType = image.png; path = twitter_p.png; sourceTree = "<group>"; };
		B22877B9155400F20001E668 /* twitter_p@2x.png */ = {isa = PBXFileReference; lastKnownFileType = image.png; path = "twitter_p@2x.png"; sourceTree = "<group>"; };
		B22878B615542B870001E668 /* MessageUI.framework */ = {isa = PBXFileReference; lastKnownFileType = wrapper.framework; name = MessageUI.framework; path = System/Library/Frameworks/MessageUI.framework; sourceTree = SDKROOT; };
		B22878B915542BA10001E668 /* SystemConfiguration.framework */ = {isa = PBXFileReference; lastKnownFileType = wrapper.framework; name = SystemConfiguration.framework; path = System/Library/Frameworks/SystemConfiguration.framework; sourceTree = SDKROOT; };
		B22879A31554375E0001E668 /* en */ = {isa = PBXFileReference; lastKnownFileType = text.plist.strings; name = en; path = en.lproj/Localizable.strings; sourceTree = "<group>"; };
		B22879A51554376D0001E668 /* it */ = {isa = PBXFileReference; lastKnownFileType = text.plist.strings; name = it; path = it.lproj/Localizable.strings; sourceTree = "<group>"; };
		B22879A61554376E0001E668 /* de */ = {isa = PBXFileReference; lastKnownFileType = text.plist.strings; name = de; path = de.lproj/Localizable.strings; sourceTree = "<group>"; };
		B229BE69148D789E0048A594 /* troll.png */ = {isa = PBXFileReference; lastKnownFileType = image.png; path = troll.png; sourceTree = "<group>"; };
		B235DA87149554A2002D0056 /* shutter.caf */ = {isa = PBXFileReference; lastKnownFileType = file; path = shutter.caf; sourceTree = "<group>"; };
		B235DA88149554A2002D0056 /* swipe.caf */ = {isa = PBXFileReference; lastKnownFileType = file; path = swipe.caf; sourceTree = "<group>"; };
		B2430E9214CC38A800EC4BCB /* Security.framework */ = {isa = PBXFileReference; lastKnownFileType = wrapper.framework; name = Security.framework; path = System/Library/Frameworks/Security.framework; sourceTree = SDKROOT; };
		B2430E9414CC3BA700EC4BCB /* Utilities.h */ = {isa = PBXFileReference; fileEncoding = 4; lastKnownFileType = sourcecode.c.h; path = Utilities.h; sourceTree = "<group>"; };
		B2430E9514CC3BA700EC4BCB /* Utilities.m */ = {isa = PBXFileReference; fileEncoding = 4; lastKnownFileType = sourcecode.c.objc; path = Utilities.m; sourceTree = "<group>"; };
		B244FD5814CAE64600A108BD /* instructions_0.png */ = {isa = PBXFileReference; lastKnownFileType = image.png; path = instructions_0.png; sourceTree = "<group>"; };
		B244FD5914CAE64600A108BD /* instructions_1.png */ = {isa = PBXFileReference; lastKnownFileType = image.png; path = instructions_1.png; sourceTree = "<group>"; };
		B244FD5A14CAE64600A108BD /* instructions_2.png */ = {isa = PBXFileReference; lastKnownFileType = image.png; path = instructions_2.png; sourceTree = "<group>"; };
		B244FD5B14CAE64600A108BD /* instructions_3.png */ = {isa = PBXFileReference; lastKnownFileType = image.png; path = instructions_3.png; sourceTree = "<group>"; };
		B244FD5C14CAE64600A108BD /* instructions_4.png */ = {isa = PBXFileReference; lastKnownFileType = image.png; path = instructions_4.png; sourceTree = "<group>"; };
		B244FD5D14CAE64600A108BD /* instructions_mask.png */ = {isa = PBXFileReference; lastKnownFileType = image.png; path = instructions_mask.png; sourceTree = "<group>"; };
		B244FD5E14CAE64600A108BD /* readme_bg.png */ = {isa = PBXFileReference; lastKnownFileType = image.png; path = readme_bg.png; sourceTree = "<group>"; };
		B244FD6714CAE65100A108BD /* artofapps.png */ = {isa = PBXFileReference; lastKnownFileType = image.png; path = artofapps.png; sourceTree = "<group>"; };
		B244FD6914CAE66E00A108BD /* artofapps@2x.png */ = {isa = PBXFileReference; lastKnownFileType = image.png; path = "artofapps@2x.png"; sourceTree = "<group>"; };
		B244FD6A14CAE66E00A108BD /* instructions_0@2x.png */ = {isa = PBXFileReference; lastKnownFileType = image.png; path = "instructions_0@2x.png"; sourceTree = "<group>"; };
		B244FD6B14CAE66E00A108BD /* instructions_1@2x.png */ = {isa = PBXFileReference; lastKnownFileType = image.png; path = "instructions_1@2x.png"; sourceTree = "<group>"; };
		B244FD6C14CAE66E00A108BD /* instructions_2@2x.png */ = {isa = PBXFileReference; lastKnownFileType = image.png; path = "instructions_2@2x.png"; sourceTree = "<group>"; };
		B244FD6D14CAE66E00A108BD /* instructions_3@2x.png */ = {isa = PBXFileReference; lastKnownFileType = image.png; path = "instructions_3@2x.png"; sourceTree = "<group>"; };
		B244FD6E14CAE66E00A108BD /* instructions_4@2x.png */ = {isa = PBXFileReference; lastKnownFileType = image.png; path = "instructions_4@2x.png"; sourceTree = "<group>"; };
		B244FD6F14CAE66E00A108BD /* instructions_mask@2x.png */ = {isa = PBXFileReference; lastKnownFileType = image.png; path = "instructions_mask@2x.png"; sourceTree = "<group>"; };
		B244FD7014CAE66E00A108BD /* readme_bg@2x.png */ = {isa = PBXFileReference; lastKnownFileType = image.png; path = "readme_bg@2x.png"; sourceTree = "<group>"; };
		B25DC5951550764A00E2FEF9 /* SettingsViewController.h */ = {isa = PBXFileReference; fileEncoding = 4; lastKnownFileType = sourcecode.c.h; path = SettingsViewController.h; sourceTree = "<group>"; };
		B25DC5961550764A00E2FEF9 /* SettingsViewController.m */ = {isa = PBXFileReference; fileEncoding = 4; lastKnownFileType = sourcecode.c.objc; path = SettingsViewController.m; sourceTree = "<group>"; };
		B26852CB1486C1D300FDDB3B /* bConverter.app */ = {isa = PBXFileReference; explicitFileType = wrapper.application; includeInIndex = 0; path = bConverter.app; sourceTree = BUILT_PRODUCTS_DIR; };
		B26852CF1486C1D300FDDB3B /* UIKit.framework */ = {isa = PBXFileReference; lastKnownFileType = wrapper.framework; name = UIKit.framework; path = System/Library/Frameworks/UIKit.framework; sourceTree = SDKROOT; };
		B26852D11486C1D400FDDB3B /* Foundation.framework */ = {isa = PBXFileReference; lastKnownFileType = wrapper.framework; name = Foundation.framework; path = System/Library/Frameworks/Foundation.framework; sourceTree = SDKROOT; };
		B26852D31486C1D400FDDB3B /* CoreGraphics.framework */ = {isa = PBXFileReference; lastKnownFileType = wrapper.framework; name = CoreGraphics.framework; path = System/Library/Frameworks/CoreGraphics.framework; sourceTree = SDKROOT; };
		B26852D71486C1D400FDDB3B /* bConverter-Info.plist */ = {isa = PBXFileReference; lastKnownFileType = text.plist.xml; path = "bConverter-Info.plist"; sourceTree = "<group>"; };
		B26852D91486C1D400FDDB3B /* en */ = {isa = PBXFileReference; lastKnownFileType = text.plist.strings; name = en; path = en.lproj/InfoPlist.strings; sourceTree = "<group>"; };
		B26852DB1486C1D400FDDB3B /* main.m */ = {isa = PBXFileReference; lastKnownFileType = sourcecode.c.objc; path = main.m; sourceTree = "<group>"; };
		B26852DD1486C1D400FDDB3B /* bConverter-Prefix.pch */ = {isa = PBXFileReference; lastKnownFileType = sourcecode.c.h; path = "bConverter-Prefix.pch"; sourceTree = "<group>"; };
		B26852DE1486C1D400FDDB3B /* bConverterAppDelegate.h */ = {isa = PBXFileReference; lastKnownFileType = sourcecode.c.h; path = bConverterAppDelegate.h; sourceTree = "<group>"; };
		B26852DF1486C1D400FDDB3B /* bConverterAppDelegate.m */ = {isa = PBXFileReference; lastKnownFileType = sourcecode.c.objc; path = bConverterAppDelegate.m; sourceTree = "<group>"; };
		B26852E21486C1D400FDDB3B /* en */ = {isa = PBXFileReference; lastKnownFileType = file.storyboard; name = en; path = en.lproj/MainStoryboard.storyboard; sourceTree = "<group>"; };
		B26852E41486C1D400FDDB3B /* bConverterViewController.h */ = {isa = PBXFileReference; lastKnownFileType = sourcecode.c.h; path = bConverterViewController.h; sourceTree = "<group>"; };
		B26852E61486C1D400FDDB3B /* bConverterViewController.m */ = {isa = PBXFileReference; lastKnownFileType = sourcecode.c.objc; path = bConverterViewController.m; sourceTree = "<group>"; };
		B26852ED1486C1D400FDDB3B /* bConverterTests.octest */ = {isa = PBXFileReference; explicitFileType = wrapper.cfbundle; includeInIndex = 0; path = bConverterTests.octest; sourceTree = BUILT_PRODUCTS_DIR; };
		B26852EE1486C1D400FDDB3B /* SenTestingKit.framework */ = {isa = PBXFileReference; lastKnownFileType = wrapper.framework; name = SenTestingKit.framework; path = Library/Frameworks/SenTestingKit.framework; sourceTree = DEVELOPER_DIR; };
		B26852F71486C1D400FDDB3B /* bConverterTests-Info.plist */ = {isa = PBXFileReference; lastKnownFileType = text.plist.xml; path = "bConverterTests-Info.plist"; sourceTree = "<group>"; };
		B26852F91486C1D400FDDB3B /* en */ = {isa = PBXFileReference; lastKnownFileType = text.plist.strings; name = en; path = en.lproj/InfoPlist.strings; sourceTree = "<group>"; };
		B26852FB1486C1D400FDDB3B /* bConverterTests.h */ = {isa = PBXFileReference; lastKnownFileType = sourcecode.c.h; path = bConverterTests.h; sourceTree = "<group>"; };
		B26852FD1486C1D400FDDB3B /* bConverterTests.m */ = {isa = PBXFileReference; lastKnownFileType = sourcecode.c.objc; path = bConverterTests.m; sourceTree = "<group>"; };
		B268BA2C1491B7D3003AB661 /* troll@2x.png */ = {isa = PBXFileReference; lastKnownFileType = image.png; path = "troll@2x.png"; sourceTree = "<group>"; };
		B26BF85E148842BA00E3F7A0 /* buttons_down_bin.png */ = {isa = PBXFileReference; lastKnownFileType = image.png; path = buttons_down_bin.png; sourceTree = "<group>"; };
		B26BF85F148842BA00E3F7A0 /* buttons_down_dec.png */ = {isa = PBXFileReference; lastKnownFileType = image.png; path = buttons_down_dec.png; sourceTree = "<group>"; };
		B26BF860148842BA00E3F7A0 /* buttons_down_hex.png */ = {isa = PBXFileReference; lastKnownFileType = image.png; path = buttons_down_hex.png; sourceTree = "<group>"; };
		B26BF861148842BA00E3F7A0 /* buttons_down_ott.png */ = {isa = PBXFileReference; lastKnownFileType = image.png; path = buttons_down_ott.png; sourceTree = "<group>"; };
		B26BF867148842D600E3F7A0 /* buttons_down_bin@2x.png */ = {isa = PBXFileReference; lastKnownFileType = image.png; path = "buttons_down_bin@2x.png"; sourceTree = "<group>"; };
		B26BF868148842D600E3F7A0 /* buttons_down_dec@2x.png */ = {isa = PBXFileReference; lastKnownFileType = image.png; path = "buttons_down_dec@2x.png"; sourceTree = "<group>"; };
		B26BF869148842D600E3F7A0 /* buttons_down_hex@2x.png */ = {isa = PBXFileReference; lastKnownFileType = image.png; path = "buttons_down_hex@2x.png"; sourceTree = "<group>"; };
		B26BF86A148842D600E3F7A0 /* buttons_down_ott@2x.png */ = {isa = PBXFileReference; lastKnownFileType = image.png; path = "buttons_down_ott@2x.png"; sourceTree = "<group>"; };
		B26BF86F148842E500E3F7A0 /* mask.png */ = {isa = PBXFileReference; lastKnownFileType = image.png; path = mask.png; sourceTree = "<group>"; };
		B26BF871148842F400E3F7A0 /* mask@2x.png */ = {isa = PBXFileReference; lastKnownFileType = image.png; path = "mask@2x.png"; sourceTree = "<group>"; };
		B26BF87314884A9300E3F7A0 /* mask_down.png */ = {isa = PBXFileReference; lastKnownFileType = image.png; path = mask_down.png; sourceTree = "<group>"; };
		B26BF87414884A9300E3F7A0 /* mask_up.png */ = {isa = PBXFileReference; lastKnownFileType = image.png; path = mask_up.png; sourceTree = "<group>"; };
		B26BF87714884AEA00E3F7A0 /* mask_down@2x.png */ = {isa = PBXFileReference; lastKnownFileType = image.png; path = "mask_down@2x.png"; sourceTree = "<group>"; };
		B26BF87814884AEA00E3F7A0 /* mask_up@2x.png */ = {isa = PBXFileReference; lastKnownFileType = image.png; path = "mask_up@2x.png"; sourceTree = "<group>"; };
		B285D1A2148E92750031186C /* wwDigital.ttf */ = {isa = PBXFileReference; lastKnownFileType = file; path = wwDigital.ttf; sourceTree = "<group>"; };
		B28DB4AB148700790026BC67 /* Icon.png */ = {isa = PBXFileReference; lastKnownFileType = image.png; path = Icon.png; sourceTree = "<group>"; };
		B28DB4AC148700790026BC67 /* Icon@2x.png */ = {isa = PBXFileReference; lastKnownFileType = image.png; path = "Icon@2x.png"; sourceTree = "<group>"; };
		B290AB76156D90DD000CE05E /* button_up_ascii.png */ = {isa = PBXFileReference; lastKnownFileType = image.png; path = button_up_ascii.png; sourceTree = "<group>"; };
		B290AB77156D90DD000CE05E /* buttons_down_ascii.png */ = {isa = PBXFileReference; lastKnownFileType = image.png; path = buttons_down_ascii.png; sourceTree = "<group>"; };
		B290AB7B156D90EE000CE05E /* button_up_ascii@2x.png */ = {isa = PBXFileReference; lastKnownFileType = image.png; path = "button_up_ascii@2x.png"; sourceTree = "<group>"; };
		B290AB7C156D90EE000CE05E /* buttons_down_ascii@2x.png */ = {isa = PBXFileReference; lastKnownFileType = image.png; path = "buttons_down_ascii@2x.png"; sourceTree = "<group>"; };
		B293433D14CCE21F004F2D6B /* NSData+AESCrypt.h */ = {isa = PBXFileReference; fileEncoding = 4; lastKnownFileType = sourcecode.c.h; path = "NSData+AESCrypt.h"; sourceTree = "<group>"; };
		B293433E14CCE21F004F2D6B /* NSData+AESCrypt.m */ = {isa = PBXFileReference; fileEncoding = 4; lastKnownFileType = sourcecode.c.objc; path = "NSData+AESCrypt.m"; sourceTree = "<group>"; };
		B293433F14CCE21F004F2D6B /* NSString+AESCrypt.h */ = {isa = PBXFileReference; fileEncoding = 4; lastKnownFileType = sourcecode.c.h; path = "NSString+AESCrypt.h"; sourceTree = "<group>"; };
		B293434014CCE21F004F2D6B /* NSString+AESCrypt.m */ = {isa = PBXFileReference; fileEncoding = 4; lastKnownFileType = sourcecode.c.objc; path = "NSString+AESCrypt.m"; sourceTree = "<group>"; };
		B2A2FCFE14954F7F00A38801 /* AVFoundation.framework */ = {isa = PBXFileReference; lastKnownFileType = wrapper.framework; name = AVFoundation.framework; path = System/Library/Frameworks/AVFoundation.framework; sourceTree = SDKROOT; };
		B2C3545D1552DA5D00DA3A9B /* fb.png */ = {isa = PBXFileReference; lastKnownFileType = image.png; path = fb.png; sourceTree = "<group>"; };
		B2C3545F1552DA6700DA3A9B /* twitter.png */ = {isa = PBXFileReference; lastKnownFileType = image.png; path = twitter.png; sourceTree = "<group>"; };
		B2C354611552DA7300DA3A9B /* fb@2x.png */ = {isa = PBXFileReference; lastKnownFileType = image.png; path = "fb@2x.png"; sourceTree = "<group>"; };
		B2C354631552DA7C00DA3A9B /* twitter@2x.png */ = {isa = PBXFileReference; lastKnownFileType = image.png; path = "twitter@2x.png"; sourceTree = "<group>"; };
		B2C354721552EF4900DA3A9B /* Twitter.framework */ = {isa = PBXFileReference; lastKnownFileType = wrapper.framework; name = Twitter.framework; path = System/Library/Frameworks/Twitter.framework; sourceTree = SDKROOT; };
		B2C7ACC514C90F52002B47CF /* infobutton_.png */ = {isa = PBXFileReference; lastKnownFileType = image.png; path = infobutton_.png; sourceTree = "<group>"; };
		B2C7ACC614C90F52002B47CF /* infobutton.png */ = {isa = PBXFileReference; lastKnownFileType = image.png; path = infobutton.png; sourceTree = "<group>"; };
		B2C7ACC914C90F9E002B47CF /* infobutton_@2x.png */ = {isa = PBXFileReference; lastKnownFileType = image.png; path = "infobutton_@2x.png"; sourceTree = "<group>"; };
		B2C7ACCA14C90F9E002B47CF /* infobutton@2x.png */ = {isa = PBXFileReference; lastKnownFileType = image.png; path = "infobutton@2x.png"; sourceTree = "<group>"; };
		B2CA0F091487CAE8000880AF /* background.png */ = {isa = PBXFileReference; lastKnownFileType = image.png; path = background.png; sourceTree = "<group>"; };
		B2CA0F0A1487CAE8000880AF /* button_up_bin.png */ = {isa = PBXFileReference; lastKnownFileType = image.png; path = button_up_bin.png; sourceTree = "<group>"; };
		B2CA0F0B1487CAE8000880AF /* button_up_dec.png */ = {isa = PBXFileReference; lastKnownFileType = image.png; path = button_up_dec.png; sourceTree = "<group>"; };
		B2CA0F0C1487CAE8000880AF /* button_up_hex.png */ = {isa = PBXFileReference; lastKnownFileType = image.png; path = button_up_hex.png; sourceTree = "<group>"; };
		B2CA0F0D1487CAE8000880AF /* button_up_ott.png */ = {isa = PBXFileReference; lastKnownFileType = image.png; path = button_up_ott.png; sourceTree = "<group>"; };
		B2CA0F0E1487CAE8000880AF /* buttons_separator.png */ = {isa = PBXFileReference; lastKnownFileType = image.png; path = buttons_separator.png; sourceTree = "<group>"; };
		B2CA0F0F1487CAE8000880AF /* closed_down.png */ = {isa = PBXFileReference; lastKnownFileType = image.png; path = closed_down.png; sourceTree = "<group>"; };
		B2CA0F101487CAE8000880AF /* closed_up.png */ = {isa = PBXFileReference; lastKnownFileType = image.png; path = closed_up.png; sourceTree = "<group>"; };
		B2CA0F111487CAE8000880AF /* selector_down.png */ = {isa = PBXFileReference; lastKnownFileType = image.png; path = selector_down.png; sourceTree = "<group>"; };
		B2CA0F121487CAE8000880AF /* selector_up.png */ = {isa = PBXFileReference; lastKnownFileType = image.png; path = selector_up.png; sourceTree = "<group>"; };
		B2CA0F131487CAE8000880AF /* selectors.png */ = {isa = PBXFileReference; lastKnownFileType = image.png; path = selectors.png; sourceTree = "<group>"; };
		B2CA0F141487CAE8000880AF /* switch_bg.png */ = {isa = PBXFileReference; lastKnownFileType = image.png; path = switch_bg.png; sourceTree = "<group>"; };
		B2CA0F151487CAE8000880AF /* switch_light.png */ = {isa = PBXFileReference; lastKnownFileType = image.png; path = switch_light.png; sourceTree = "<group>"; };
		B2CA0F161487CAE8000880AF /* switch_light_down.png */ = {isa = PBXFileReference; lastKnownFileType = image.png; path = switch_light_down.png; sourceTree = "<group>"; };
		B2CA0F171487CAE8000880AF /* switch_light_up.png */ = {isa = PBXFileReference; lastKnownFileType = image.png; path = switch_light_up.png; sourceTree = "<group>"; };
		B2CA0F191487CAE8000880AF /* background@2x.png */ = {isa = PBXFileReference; lastKnownFileType = image.png; path = "background@2x.png"; sourceTree = "<group>"; };
		B2CA0F1A1487CAE8000880AF /* button_up_bin@2x.png */ = {isa = PBXFileReference; lastKnownFileType = image.png; path = "button_up_bin@2x.png"; sourceTree = "<group>"; };
		B2CA0F1B1487CAE8000880AF /* button_up_dec@2x.png */ = {isa = PBXFileReference; lastKnownFileType = image.png; path = "button_up_dec@2x.png"; sourceTree = "<group>"; };
		B2CA0F1C1487CAE8000880AF /* button_up_hex@2x.png */ = {isa = PBXFileReference; lastKnownFileType = image.png; path = "button_up_hex@2x.png"; sourceTree = "<group>"; };
		B2CA0F1D1487CAE8000880AF /* button_up_ott@2x.png */ = {isa = PBXFileReference; lastKnownFileType = image.png; path = "button_up_ott@2x.png"; sourceTree = "<group>"; };
		B2CA0F1E1487CAE8000880AF /* buttons_separator@2x.png */ = {isa = PBXFileReference; lastKnownFileType = image.png; path = "buttons_separator@2x.png"; sourceTree = "<group>"; };
		B2CA0F1F1487CAE8000880AF /* closed_down@2x.png */ = {isa = PBXFileReference; lastKnownFileType = image.png; path = "closed_down@2x.png"; sourceTree = "<group>"; };
		B2CA0F201487CAE8000880AF /* closed_up@2x.png */ = {isa = PBXFileReference; lastKnownFileType = image.png; path = "closed_up@2x.png"; sourceTree = "<group>"; };
		B2CA0F211487CAE8000880AF /* selector_down@2x.png */ = {isa = PBXFileReference; lastKnownFileType = image.png; path = "selector_down@2x.png"; sourceTree = "<group>"; };
		B2CA0F221487CAE8000880AF /* selector_up@2x.png */ = {isa = PBXFileReference; lastKnownFileType = image.png; path = "selector_up@2x.png"; sourceTree = "<group>"; };
		B2CA0F231487CAE8000880AF /* selectors@2x.png */ = {isa = PBXFileReference; lastKnownFileType = image.png; path = "selectors@2x.png"; sourceTree = "<group>"; };
		B2CA0F241487CAE8000880AF /* switch_bg@2x.png */ = {isa = PBXFileReference; lastKnownFileType = image.png; path = "switch_bg@2x.png"; sourceTree = "<group>"; };
		B2CA0F251487CAE8000880AF /* switch_light@2x.png */ = {isa = PBXFileReference; lastKnownFileType = image.png; path = "switch_light@2x.png"; sourceTree = "<group>"; };
		B2CA0F261487CAE8000880AF /* switch_light_down@2x.png */ = {isa = PBXFileReference; lastKnownFileType = image.png; path = "switch_light_down@2x.png"; sourceTree = "<group>"; };
		B2CA0F271487CAE8000880AF /* switch_light_up@2x.png */ = {isa = PBXFileReference; lastKnownFileType = image.png; path = "switch_light_up@2x.png"; sourceTree = "<group>"; };
		B2CCA6C2148B2A0D007FB723 /* Default.png */ = {isa = PBXFileReference; lastKnownFileType = image.png; path = Default.png; sourceTree = "<group>"; };
		B2CCA6C5148B2A25007FB723 /* Default@2x.png */ = {isa = PBXFileReference; lastKnownFileType = image.png; path = "Default@2x.png"; sourceTree = "<group>"; };
		B2DC50A6155AD3AB00F998A8 /* save_button_p@2x.png */ = {isa = PBXFileReference; lastKnownFileType = image.png; path = "save_button_p@2x.png"; sourceTree = "<group>"; };
		B2DC50A7155AD3AB00F998A8 /* save_button@2x.png */ = {isa = PBXFileReference; lastKnownFileType = image.png; path = "save_button@2x.png"; sourceTree = "<group>"; };
		B2DC50AA155AD47800F998A8 /* save_button.png */ = {isa = PBXFileReference; lastKnownFileType = image.png; path = save_button.png; sourceTree = "<group>"; };
		B2DC50AB155AD47800F998A8 /* save_button_p.png */ = {isa = PBXFileReference; lastKnownFileType = image.png; path = save_button_p.png; sourceTree = "<group>"; };
		B2EAED1915644CDA00315254 /* libz.dylib */ = {isa = PBXFileReference; lastKnownFileType = "compiled.mach-o.dylib"; name = libz.dylib; path = usr/lib/libz.dylib; sourceTree = SDKROOT; };
		B2F5C71B17D2F8E30039B8AE /* CoreMotion.framework */ = {isa = PBXFileReference; lastKnownFileType = wrapper.framework; name = CoreMotion.framework; path = System/Library/Frameworks/CoreMotion.framework; sourceTree = SDKROOT; };
/* End PBXFileReference section */

/* Begin PBXFrameworksBuildPhase section */
		B26852C81486C1D300FDDB3B /* Frameworks */ = {
			isa = PBXFrameworksBuildPhase;
			buildActionMask = 2147483647;
			files = (
				B2F5C71C17D2F8E30039B8AE /* CoreMotion.framework in Frameworks */,
				B2EAED1A15644CDA00315254 /* libz.dylib in Frameworks */,
				B22878BB15542BA80001E668 /* SystemConfiguration.framework in Frameworks */,
				B22878B815542B910001E668 /* MessageUI.framework in Frameworks */,
				B2C354741552EFAE00DA3A9B /* Twitter.framework in Frameworks */,
				B2430E9314CC38A800EC4BCB /* Security.framework in Frameworks */,
				B2A2FD0014954F8A00A38801 /* AVFoundation.framework in Frameworks */,
				B201659D148B529900918973 /* QuartzCore.framework in Frameworks */,
				B26852D01486C1D400FDDB3B /* UIKit.framework in Frameworks */,
				B26852D21486C1D400FDDB3B /* Foundation.framework in Frameworks */,
				B26852D41486C1D400FDDB3B /* CoreGraphics.framework in Frameworks */,
			);
			runOnlyForDeploymentPostprocessing = 0;
		};
		B26852E91486C1D400FDDB3B /* Frameworks */ = {
			isa = PBXFrameworksBuildPhase;
			buildActionMask = 2147483647;
			files = (
				B26852EF1486C1D400FDDB3B /* SenTestingKit.framework in Frameworks */,
				B26852F01486C1D400FDDB3B /* UIKit.framework in Frameworks */,
				B26852F11486C1D400FDDB3B /* Foundation.framework in Frameworks */,
				B26852F21486C1D400FDDB3B /* CoreGraphics.framework in Frameworks */,
			);
			runOnlyForDeploymentPostprocessing = 0;
		};
/* End PBXFrameworksBuildPhase section */

/* Begin PBXGroup section */
		824D8008155862CD00AD50B4 /* Facebook */ = {
			isa = PBXGroup;
			children = (
				82F3D45D155868860002C7C0 /* UI */,
				824D80301558631800AD50B4 /* TextView */,
				824D8009155862CD00AD50B4 /* Facebook.h */,
				824D800A155862CD00AD50B4 /* Facebook.m */,
				824D800B155862CD00AD50B4 /* facebook_ios_sdk_Prefix.pch */,
				824D800C155862CD00AD50B4 /* FBConnect.h */,
				824D800D155862CD00AD50B4 /* FBDialog.bundle */,
				824D800E155862CD00AD50B4 /* FBDialog.h */,
				824D800F155862CD00AD50B4 /* FBDialog.m */,
				824D8010155862CD00AD50B4 /* FBFrictionlessRequestSettings.h */,
				824D8011155862CD00AD50B4 /* FBFrictionlessRequestSettings.m */,
				824D8012155862CD00AD50B4 /* FBLoginDialog.h */,
				824D8013155862CD00AD50B4 /* FBLoginDialog.m */,
				824D8014155862CD00AD50B4 /* FBRequest.h */,
				824D8015155862CD00AD50B4 /* FBRequest.m */,
				824D8016155862CD00AD50B4 /* JSON */,
			);
			name = Facebook;
			path = src;
			sourceTree = "<group>";
		};
		824D8016155862CD00AD50B4 /* JSON */ = {
			isa = PBXGroup;
			children = (
				824D8017155862CD00AD50B4 /* JSON.h */,
				824D8018155862CD00AD50B4 /* NSObject+SBJSON.h */,
				824D8019155862CD00AD50B4 /* NSObject+SBJSON.m */,
				824D801A155862CD00AD50B4 /* NSString+SBJSON.h */,
				824D801B155862CD00AD50B4 /* NSString+SBJSON.m */,
				824D801C155862CD00AD50B4 /* SBJSON.h */,
				824D801D155862CD00AD50B4 /* SBJSON.m */,
				824D801E155862CD00AD50B4 /* SBJsonBase.h */,
				824D801F155862CD00AD50B4 /* SBJsonBase.m */,
				824D8020155862CD00AD50B4 /* SBJsonParser.h */,
				824D8021155862CD00AD50B4 /* SBJsonParser.m */,
				824D8022155862CD00AD50B4 /* SBJsonWriter.h */,
				824D8023155862CD00AD50B4 /* SBJsonWriter.m */,
			);
			path = JSON;
			sourceTree = "<group>";
		};
		824D80301558631800AD50B4 /* TextView */ = {
			isa = PBXGroup;
			children = (
				824D80311558635300AD50B4 /* DERuledView.h */,
				824D80321558635300AD50B4 /* DERuledView.m */,
				824D80331558635300AD50B4 /* DETweetTextView.h */,
				824D80341558635300AD50B4 /* DETweetTextView.m */,
				824D80351558635300AD50B4 /* UIDevice+DETweetComposeViewController.h */,
				824D80361558635300AD50B4 /* UIDevice+DETweetComposeViewController.m */,
			);
			name = TextView;
			sourceTree = "<group>";
		};
		82F3D45D155868860002C7C0 /* UI */ = {
			isa = PBXGroup;
			children = (
				82F3D462155869320002C7C0 /* cancel_pressed.png */,
				82F3D463155869320002C7C0 /* cancel_pressed@2x.png */,
				82F3D464155869320002C7C0 /* cancel.png */,
				82F3D465155869320002C7C0 /* cancel@2x.png */,
				82F3D466155869320002C7C0 /* facebookshare_body.png */,
				82F3D467155869320002C7C0 /* facebookshare_body@2x.png */,
				82F3D468155869320002C7C0 /* facebookshare_overlay.png */,
				82F3D469155869320002C7C0 /* facebookshare_overlay@2x.png */,
				82F3D46A155869320002C7C0 /* multi_row.png */,
				82F3D46B155869320002C7C0 /* multi_row@2x.png */,
				82F3D46C155869320002C7C0 /* send_pressed.png */,
				82F3D46D155869320002C7C0 /* send_pressed@2x.png */,
				82F3D46E155869320002C7C0 /* send.png */,
				82F3D46F155869320002C7C0 /* send@2x.png */,
				82F3D470155869320002C7C0 /* single_row.png */,
				82F3D471155869320002C7C0 /* single_row@2x.png */,
			);
			name = UI;
			sourceTree = "<group>";
		};
		B26852C01486C1D300FDDB3B = {
			isa = PBXGroup;
			children = (
				18951CC616D55943000B36CB /* Default-568h@2x.png */,
				B26853071486CBBE00FDDB3B /* Resources */,
				824D8008155862CD00AD50B4 /* Facebook */,
				B26852D51486C1D400FDDB3B /* bConverter */,
				B26852F51486C1D400FDDB3B /* bConverterTests */,
				B26852CE1486C1D300FDDB3B /* Frameworks */,
				B26852CC1486C1D300FDDB3B /* Products */,
			);
			sourceTree = "<group>";
		};
		B26852CC1486C1D300FDDB3B /* Products */ = {
			isa = PBXGroup;
			children = (
				B26852CB1486C1D300FDDB3B /* bConverter.app */,
				B26852ED1486C1D400FDDB3B /* bConverterTests.octest */,
			);
			name = Products;
			sourceTree = "<group>";
		};
		B26852CE1486C1D300FDDB3B /* Frameworks */ = {
			isa = PBXGroup;
			children = (
				B2F5C71B17D2F8E30039B8AE /* CoreMotion.framework */,
				B2EAED1915644CDA00315254 /* libz.dylib */,
				B22878B915542BA10001E668 /* SystemConfiguration.framework */,
				B22878B615542B870001E668 /* MessageUI.framework */,
				B2C354721552EF4900DA3A9B /* Twitter.framework */,
				B2430E9214CC38A800EC4BCB /* Security.framework */,
				B2A2FCFE14954F7F00A38801 /* AVFoundation.framework */,
				B26852CF1486C1D300FDDB3B /* UIKit.framework */,
				B26852D11486C1D400FDDB3B /* Foundation.framework */,
				B201659A148B526A00918973 /* QuartzCore.framework */,
				B26852D31486C1D400FDDB3B /* CoreGraphics.framework */,
				B26852EE1486C1D400FDDB3B /* SenTestingKit.framework */,
			);
			name = Frameworks;
			sourceTree = "<group>";
		};
		B26852D51486C1D400FDDB3B /* bConverter */ = {
			isa = PBXGroup;
			children = (
				B26852DE1486C1D400FDDB3B /* bConverterAppDelegate.h */,
				B26852DF1486C1D400FDDB3B /* bConverterAppDelegate.m */,
				B26852E11486C1D400FDDB3B /* MainStoryboard.storyboard */,
				B26852E41486C1D400FDDB3B /* bConverterViewController.h */,
				B26852E61486C1D400FDDB3B /* bConverterViewController.m */,
				B221555B14B62D7800A5BB95 /* FlipsideViewController.h */,
				B221555C14B62D7900A5BB95 /* FlipsideViewController.m */,
				B25DC5951550764A00E2FEF9 /* SettingsViewController.h */,
				B25DC5961550764A00E2FEF9 /* SettingsViewController.m */,
				B26852D61486C1D400FDDB3B /* Supporting Files */,
			);
			path = bConverter;
			sourceTree = "<group>";
		};
		B26852D61486C1D400FDDB3B /* Supporting Files */ = {
			isa = PBXGroup;
			children = (
				B293434314CCE227004F2D6B /* Extra */,
				B22879A41554375E0001E668 /* Localizable.strings */,
				B26852D71486C1D400FDDB3B /* bConverter-Info.plist */,
				B26852D81486C1D400FDDB3B /* InfoPlist.strings */,
				B26852DB1486C1D400FDDB3B /* main.m */,
				B26852DD1486C1D400FDDB3B /* bConverter-Prefix.pch */,
			);
			name = "Supporting Files";
			sourceTree = "<group>";
		};
		B26852F51486C1D400FDDB3B /* bConverterTests */ = {
			isa = PBXGroup;
			children = (
				B26852FB1486C1D400FDDB3B /* bConverterTests.h */,
				B26852FD1486C1D400FDDB3B /* bConverterTests.m */,
				B26852F61486C1D400FDDB3B /* Supporting Files */,
			);
			path = bConverterTests;
			sourceTree = "<group>";
		};
		B26852F61486C1D400FDDB3B /* Supporting Files */ = {
			isa = PBXGroup;
			children = (
				B26852F71486C1D400FDDB3B /* bConverterTests-Info.plist */,
				B26852F81486C1D400FDDB3B /* InfoPlist.strings */,
			);
			name = "Supporting Files";
			sourceTree = "<group>";
		};
		B26853071486CBBE00FDDB3B /* Resources */ = {
			isa = PBXGroup;
			children = (
				B235DA87149554A2002D0056 /* shutter.caf */,
				B235DA88149554A2002D0056 /* swipe.caf */,
				B285D1A2148E92750031186C /* wwDigital.ttf */,
				B28DB4AB148700790026BC67 /* Icon.png */,
				B28DB4AC148700790026BC67 /* Icon@2x.png */,
				B2CA0F081487CAE8000880AF /* @1x */,
				B2CA0F181487CAE8000880AF /* @2x */,
			);
			name = Resources;
			path = bConverter;
			sourceTree = "<group>";
		};
		B293434314CCE227004F2D6B /* Extra */ = {
			isa = PBXGroup;
			children = (
				B2430E9414CC3BA700EC4BCB /* Utilities.h */,
				B2430E9514CC3BA700EC4BCB /* Utilities.m */,
				B293433D14CCE21F004F2D6B /* NSData+AESCrypt.h */,
				B293433E14CCE21F004F2D6B /* NSData+AESCrypt.m */,
				B293433F14CCE21F004F2D6B /* NSString+AESCrypt.h */,
				B293434014CCE21F004F2D6B /* NSString+AESCrypt.m */,
			);
			name = Extra;
			sourceTree = "<group>";
		};
		B2CA0F081487CAE8000880AF /* @1x */ = {
			isa = PBXGroup;
			children = (
				B2DC50AA155AD47800F998A8 /* save_button.png */,
				B2DC50AB155AD47800F998A8 /* save_button_p.png */,
				B290AB76156D90DD000CE05E /* button_up_ascii.png */,
				B290AB77156D90DD000CE05E /* buttons_down_ascii.png */,
				B22877B7155400E70001E668 /* twitter_p.png */,
				B244FD6714CAE65100A108BD /* artofapps.png */,
				B22877B5155400B30001E668 /* fb_p.png */,
				B244FD5814CAE64600A108BD /* instructions_0.png */,
				B244FD5914CAE64600A108BD /* instructions_1.png */,
				B244FD5A14CAE64600A108BD /* instructions_2.png */,
				B244FD5B14CAE64600A108BD /* instructions_3.png */,
				B244FD5C14CAE64600A108BD /* instructions_4.png */,
				B244FD5D14CAE64600A108BD /* instructions_mask.png */,
				B244FD5E14CAE64600A108BD /* readme_bg.png */,
				B2C7ACC514C90F52002B47CF /* infobutton_.png */,
				B2C7ACC614C90F52002B47CF /* infobutton.png */,
				B229BE69148D789E0048A594 /* troll.png */,
				B2CA0F091487CAE8000880AF /* background.png */,
				B2CA0F0A1487CAE8000880AF /* button_up_bin.png */,
				B2CA0F0B1487CAE8000880AF /* button_up_dec.png */,
				B2CA0F0C1487CAE8000880AF /* button_up_hex.png */,
				B2CA0F0D1487CAE8000880AF /* button_up_ott.png */,
				B26BF85E148842BA00E3F7A0 /* buttons_down_bin.png */,
				B26BF85F148842BA00E3F7A0 /* buttons_down_dec.png */,
				B2CCA6C2148B2A0D007FB723 /* Default.png */,
				B2C3545F1552DA6700DA3A9B /* twitter.png */,
				B2C3545D1552DA5D00DA3A9B /* fb.png */,
				B26BF860148842BA00E3F7A0 /* buttons_down_hex.png */,
				B26BF861148842BA00E3F7A0 /* buttons_down_ott.png */,
				B2CA0F0E1487CAE8000880AF /* buttons_separator.png */,
				B2CA0F0F1487CAE8000880AF /* closed_down.png */,
				B2CA0F101487CAE8000880AF /* closed_up.png */,
				B2CA0F111487CAE8000880AF /* selector_down.png */,
				B2CA0F121487CAE8000880AF /* selector_up.png */,
				B2CA0F131487CAE8000880AF /* selectors.png */,
				B2CA0F141487CAE8000880AF /* switch_bg.png */,
				B2CA0F151487CAE8000880AF /* switch_light.png */,
				B2CA0F161487CAE8000880AF /* switch_light_down.png */,
				B2CA0F171487CAE8000880AF /* switch_light_up.png */,
				B26BF86F148842E500E3F7A0 /* mask.png */,
				B26BF87314884A9300E3F7A0 /* mask_down.png */,
				B26BF87414884A9300E3F7A0 /* mask_up.png */,
			);
			path = "@1x";
			sourceTree = "<group>";
		};
		B2CA0F181487CAE8000880AF /* @2x */ = {
			isa = PBXGroup;
			children = (
				B290AB7B156D90EE000CE05E /* button_up_ascii@2x.png */,
				B290AB7C156D90EE000CE05E /* buttons_down_ascii@2x.png */,
				B2DC50A6155AD3AB00F998A8 /* save_button_p@2x.png */,
				B2DC50A7155AD3AB00F998A8 /* save_button@2x.png */,
				B22877B9155400F20001E668 /* twitter_p@2x.png */,
				B244FD6914CAE66E00A108BD /* artofapps@2x.png */,
				B244FD6A14CAE66E00A108BD /* instructions_0@2x.png */,
				B22877B2155400A30001E668 /* fb_p@2x.png */,
				B2C354611552DA7300DA3A9B /* fb@2x.png */,
				B244FD6B14CAE66E00A108BD /* instructions_1@2x.png */,
				B244FD6C14CAE66E00A108BD /* instructions_2@2x.png */,
				B2C354631552DA7C00DA3A9B /* twitter@2x.png */,
				B244FD6D14CAE66E00A108BD /* instructions_3@2x.png */,
				B244FD6E14CAE66E00A108BD /* instructions_4@2x.png */,
				B244FD6F14CAE66E00A108BD /* instructions_mask@2x.png */,
				B244FD7014CAE66E00A108BD /* readme_bg@2x.png */,
				B2C7ACC914C90F9E002B47CF /* infobutton_@2x.png */,
				B2C7ACCA14C90F9E002B47CF /* infobutton@2x.png */,
				B268BA2C1491B7D3003AB661 /* troll@2x.png */,
				B2CA0F191487CAE8000880AF /* background@2x.png */,
				B2CA0F1A1487CAE8000880AF /* button_up_bin@2x.png */,
				B2CA0F1B1487CAE8000880AF /* button_up_dec@2x.png */,
				B2CA0F1C1487CAE8000880AF /* button_up_hex@2x.png */,
				B2CA0F1D1487CAE8000880AF /* button_up_ott@2x.png */,
				B26BF867148842D600E3F7A0 /* buttons_down_bin@2x.png */,
				B26BF868148842D600E3F7A0 /* buttons_down_dec@2x.png */,
				B26BF869148842D600E3F7A0 /* buttons_down_hex@2x.png */,
				B26BF86A148842D600E3F7A0 /* buttons_down_ott@2x.png */,
				B2CCA6C5148B2A25007FB723 /* Default@2x.png */,
				B2CA0F1E1487CAE8000880AF /* buttons_separator@2x.png */,
				B2CA0F1F1487CAE8000880AF /* closed_down@2x.png */,
				B2CA0F201487CAE8000880AF /* closed_up@2x.png */,
				B2CA0F211487CAE8000880AF /* selector_down@2x.png */,
				B2CA0F221487CAE8000880AF /* selector_up@2x.png */,
				B2CA0F231487CAE8000880AF /* selectors@2x.png */,
				B2CA0F241487CAE8000880AF /* switch_bg@2x.png */,
				B2CA0F251487CAE8000880AF /* switch_light@2x.png */,
				B2CA0F261487CAE8000880AF /* switch_light_down@2x.png */,
				B2CA0F271487CAE8000880AF /* switch_light_up@2x.png */,
				B26BF871148842F400E3F7A0 /* mask@2x.png */,
				B26BF87714884AEA00E3F7A0 /* mask_down@2x.png */,
				B26BF87814884AEA00E3F7A0 /* mask_up@2x.png */,
			);
			path = "@2x";
			sourceTree = "<group>";
		};
/* End PBXGroup section */

/* Begin PBXNativeTarget section */
		B26852CA1486C1D300FDDB3B /* bConverter */ = {
			isa = PBXNativeTarget;
			buildConfigurationList = B26853011486C1D400FDDB3B /* Build configuration list for PBXNativeTarget "bConverter" */;
			buildPhases = (
				B26852C71486C1D300FDDB3B /* Sources */,
				B26852C81486C1D300FDDB3B /* Frameworks */,
				B26852C91486C1D300FDDB3B /* Resources */,
			);
			buildRules = (
			);
			dependencies = (
			);
			name = bConverter;
			productName = bConverter;
			productReference = B26852CB1486C1D300FDDB3B /* bConverter.app */;
			productType = "com.apple.product-type.application";
		};
		B26852EC1486C1D400FDDB3B /* bConverterTests */ = {
			isa = PBXNativeTarget;
			buildConfigurationList = B26853041486C1D400FDDB3B /* Build configuration list for PBXNativeTarget "bConverterTests" */;
			buildPhases = (
				B26852E81486C1D400FDDB3B /* Sources */,
				B26852E91486C1D400FDDB3B /* Frameworks */,
				B26852EA1486C1D400FDDB3B /* Resources */,
				B26852EB1486C1D400FDDB3B /* ShellScript */,
			);
			buildRules = (
			);
			dependencies = (
				B26852F41486C1D400FDDB3B /* PBXTargetDependency */,
			);
			name = bConverterTests;
			productName = bConverterTests;
			productReference = B26852ED1486C1D400FDDB3B /* bConverterTests.octest */;
			productType = "com.apple.product-type.bundle.ocunit-test";
		};
/* End PBXNativeTarget section */

/* Begin PBXProject section */
		B26852C21486C1D300FDDB3B /* Project object */ = {
			isa = PBXProject;
			attributes = {
				LastTestingUpgradeCheck = 0720;
				LastUpgradeCheck = 0720;
				TargetAttributes = {
					B26852CA1486C1D300FDDB3B = {
						DevelopmentTeam = G3P5G66G4Z;
					};
				};
			};
			buildConfigurationList = B26852C51486C1D300FDDB3B /* Build configuration list for PBXProject "bConverter" */;
			compatibilityVersion = "Xcode 3.2";
			developmentRegion = English;
			hasScannedForEncodings = 0;
			knownRegions = (
				en,
				de,
				it,
			);
			mainGroup = B26852C01486C1D300FDDB3B;
			productRefGroup = B26852CC1486C1D300FDDB3B /* Products */;
			projectDirPath = "";
			projectRoot = "";
			targets = (
				B26852CA1486C1D300FDDB3B /* bConverter */,
				B26852EC1486C1D400FDDB3B /* bConverterTests */,
			);
		};
/* End PBXProject section */

/* Begin PBXResourcesBuildPhase section */
		B26852C91486C1D300FDDB3B /* Resources */ = {
			isa = PBXResourcesBuildPhase;
			buildActionMask = 2147483647;
			files = (
				B26852DA1486C1D400FDDB3B /* InfoPlist.strings in Resources */,
				B26852E31486C1D400FDDB3B /* MainStoryboard.storyboard in Resources */,
				B26852E51486C1D400FDDB3B /* bConverterViewController.h in Resources */,
				B28DB4AD148700790026BC67 /* Icon.png in Resources */,
				B28DB4AF148700790026BC67 /* Icon@2x.png in Resources */,
				B2CA0F281487CAE8000880AF /* background.png in Resources */,
				B2CA0F2A1487CAE8000880AF /* button_up_bin.png in Resources */,
				B2CA0F2C1487CAE8000880AF /* button_up_dec.png in Resources */,
				B2CA0F2E1487CAE8000880AF /* button_up_hex.png in Resources */,
				B2CA0F301487CAE8000880AF /* button_up_ott.png in Resources */,
				B2CA0F321487CAE8000880AF /* buttons_separator.png in Resources */,
				B2CA0F341487CAE8000880AF /* closed_down.png in Resources */,
				B2CA0F361487CAE8000880AF /* closed_up.png in Resources */,
				B2CA0F381487CAE8000880AF /* selector_down.png in Resources */,
				B2CA0F3A1487CAE8000880AF /* selector_up.png in Resources */,
				B2CA0F3C1487CAE8000880AF /* selectors.png in Resources */,
				B2CA0F3E1487CAE8000880AF /* switch_bg.png in Resources */,
				B2CA0F401487CAE9000880AF /* switch_light.png in Resources */,
				B2CA0F421487CAE9000880AF /* switch_light_down.png in Resources */,
				B2CA0F441487CAE9000880AF /* switch_light_up.png in Resources */,
				B2CA0F461487CAE9000880AF /* background@2x.png in Resources */,
				B2CA0F481487CAE9000880AF /* button_up_bin@2x.png in Resources */,
				B2CA0F4A1487CAE9000880AF /* button_up_dec@2x.png in Resources */,
				B2CA0F4C1487CAE9000880AF /* button_up_hex@2x.png in Resources */,
				B2CA0F4E1487CAE9000880AF /* button_up_ott@2x.png in Resources */,
				B2CA0F501487CAE9000880AF /* buttons_separator@2x.png in Resources */,
				B2CA0F521487CAE9000880AF /* closed_down@2x.png in Resources */,
				B2CA0F541487CAE9000880AF /* closed_up@2x.png in Resources */,
				B2CA0F561487CAE9000880AF /* selector_down@2x.png in Resources */,
				B2CA0F581487CAE9000880AF /* selector_up@2x.png in Resources */,
				B2CA0F5A1487CAE9000880AF /* selectors@2x.png in Resources */,
				B2CA0F5C1487CAE9000880AF /* switch_bg@2x.png in Resources */,
				B2CA0F5E1487CAE9000880AF /* switch_light@2x.png in Resources */,
				B2CA0F601487CAE9000880AF /* switch_light_down@2x.png in Resources */,
				B2CA0F621487CAE9000880AF /* switch_light_up@2x.png in Resources */,
				B26BF862148842BA00E3F7A0 /* buttons_down_bin.png in Resources */,
				B26BF863148842BA00E3F7A0 /* buttons_down_dec.png in Resources */,
				B26BF864148842BA00E3F7A0 /* buttons_down_hex.png in Resources */,
				B26BF865148842BA00E3F7A0 /* buttons_down_ott.png in Resources */,
				B26BF86B148842D600E3F7A0 /* buttons_down_bin@2x.png in Resources */,
				B26BF86C148842D600E3F7A0 /* buttons_down_dec@2x.png in Resources */,
				B26BF86D148842D600E3F7A0 /* buttons_down_hex@2x.png in Resources */,
				B26BF86E148842D600E3F7A0 /* buttons_down_ott@2x.png in Resources */,
				B26BF870148842E500E3F7A0 /* mask.png in Resources */,
				B26BF872148842F400E3F7A0 /* mask@2x.png in Resources */,
				B26BF87514884A9300E3F7A0 /* mask_down.png in Resources */,
				B26BF87614884A9300E3F7A0 /* mask_up.png in Resources */,
				B26BF87914884AEA00E3F7A0 /* mask_down@2x.png in Resources */,
				B26BF87A14884AEA00E3F7A0 /* mask_up@2x.png in Resources */,
				B2CCA6C3148B2A0D007FB723 /* Default.png in Resources */,
				B2CCA6C6148B2A25007FB723 /* Default@2x.png in Resources */,
				B229BE6A148D789E0048A594 /* troll.png in Resources */,
				B285D1A3148E92750031186C /* wwDigital.ttf in Resources */,
				B268BA2D1491B7D3003AB661 /* troll@2x.png in Resources */,
				B235DA89149554A2002D0056 /* shutter.caf in Resources */,
				B235DA8A149554A2002D0056 /* swipe.caf in Resources */,
				B2C7ACC714C90F52002B47CF /* infobutton_.png in Resources */,
				B2C7ACC814C90F52002B47CF /* infobutton.png in Resources */,
				B2C7ACCB14C90F9E002B47CF /* infobutton_@2x.png in Resources */,
				B2C7ACCC14C90F9E002B47CF /* infobutton@2x.png in Resources */,
				B244FD5F14CAE64600A108BD /* instructions_0.png in Resources */,
				B244FD6014CAE64600A108BD /* instructions_1.png in Resources */,
				B244FD6114CAE64600A108BD /* instructions_2.png in Resources */,
				B244FD6214CAE64600A108BD /* instructions_3.png in Resources */,
				B244FD6314CAE64600A108BD /* instructions_4.png in Resources */,
				B244FD6414CAE64600A108BD /* instructions_mask.png in Resources */,
				B244FD6514CAE64600A108BD /* readme_bg.png in Resources */,
				B244FD6814CAE65100A108BD /* artofapps.png in Resources */,
				B244FD7114CAE66F00A108BD /* artofapps@2x.png in Resources */,
				B244FD7214CAE66F00A108BD /* instructions_0@2x.png in Resources */,
				B244FD7314CAE66F00A108BD /* instructions_1@2x.png in Resources */,
				B244FD7414CAE66F00A108BD /* instructions_2@2x.png in Resources */,
				B244FD7514CAE66F00A108BD /* instructions_3@2x.png in Resources */,
				B244FD7614CAE66F00A108BD /* instructions_4@2x.png in Resources */,
				B244FD7714CAE66F00A108BD /* instructions_mask@2x.png in Resources */,
				B244FD7814CAE66F00A108BD /* readme_bg@2x.png in Resources */,
				B2C3545E1552DA5D00DA3A9B /* fb.png in Resources */,
				B2C354601552DA6700DA3A9B /* twitter.png in Resources */,
				B2C354621552DA7300DA3A9B /* fb@2x.png in Resources */,
				B2C354641552DA7C00DA3A9B /* twitter@2x.png in Resources */,
				B22877B3155400A30001E668 /* fb_p@2x.png in Resources */,
				B22877B6155400B30001E668 /* fb_p.png in Resources */,
				B22877B8155400E70001E668 /* twitter_p.png in Resources */,
				B22877BA155400F20001E668 /* twitter_p@2x.png in Resources */,
				B22879A21554375E0001E668 /* Localizable.strings in Resources */,
				824D8025155862CD00AD50B4 /* FBDialog.bundle in Resources */,
				82F3D472155869320002C7C0 /* cancel_pressed.png in Resources */,
				82F3D473155869320002C7C0 /* cancel_pressed@2x.png in Resources */,
				82F3D474155869320002C7C0 /* cancel.png in Resources */,
				82F3D475155869320002C7C0 /* cancel@2x.png in Resources */,
				82F3D476155869320002C7C0 /* facebookshare_body.png in Resources */,
				82F3D477155869320002C7C0 /* facebookshare_body@2x.png in Resources */,
				82F3D478155869320002C7C0 /* facebookshare_overlay.png in Resources */,
				82F3D479155869320002C7C0 /* facebookshare_overlay@2x.png in Resources */,
				82F3D47A155869320002C7C0 /* multi_row.png in Resources */,
				82F3D47B155869320002C7C0 /* multi_row@2x.png in Resources */,
				82F3D47C155869320002C7C0 /* send_pressed.png in Resources */,
				82F3D47D155869320002C7C0 /* send_pressed@2x.png in Resources */,
				82F3D47E155869320002C7C0 /* send.png in Resources */,
				82F3D47F155869320002C7C0 /* send@2x.png in Resources */,
				82F3D480155869320002C7C0 /* single_row.png in Resources */,
				82F3D481155869320002C7C0 /* single_row@2x.png in Resources */,
				B2DC50A8155AD3AB00F998A8 /* save_button_p@2x.png in Resources */,
				B2DC50A9155AD3AB00F998A8 /* save_button@2x.png in Resources */,
				B2DC50AC155AD47800F998A8 /* save_button.png in Resources */,
				B2DC50AD155AD47800F998A8 /* save_button_p.png in Resources */,
				B290AB78156D90DD000CE05E /* button_up_ascii.png in Resources */,
				B290AB79156D90DD000CE05E /* buttons_down_ascii.png in Resources */,
				B290AB7D156D90EE000CE05E /* button_up_ascii@2x.png in Resources */,
				B290AB7E156D90EE000CE05E /* buttons_down_ascii@2x.png in Resources */,
				18951CC716D55943000B36CB /* Default-568h@2x.png in Resources */,
			);
			runOnlyForDeploymentPostprocessing = 0;
		};
		B26852EA1486C1D400FDDB3B /* Resources */ = {
			isa = PBXResourcesBuildPhase;
			buildActionMask = 2147483647;
			files = (
				B26852FA1486C1D400FDDB3B /* InfoPlist.strings in Resources */,
				B26852FC1486C1D400FDDB3B /* bConverterTests.h in Resources */,
				B28DB4AE148700790026BC67 /* Icon.png in Resources */,
				B28DB4B0148700790026BC67 /* Icon@2x.png in Resources */,
				B2CA0F291487CAE8000880AF /* background.png in Resources */,
				B2CA0F2B1487CAE8000880AF /* button_up_bin.png in Resources */,
				B2CA0F2D1487CAE8000880AF /* button_up_dec.png in Resources */,
				B2CA0F2F1487CAE8000880AF /* button_up_hex.png in Resources */,
				B2CA0F311487CAE8000880AF /* button_up_ott.png in Resources */,
				B2CA0F331487CAE8000880AF /* buttons_separator.png in Resources */,
				B2CA0F351487CAE8000880AF /* closed_down.png in Resources */,
				B2CA0F371487CAE8000880AF /* closed_up.png in Resources */,
				B2CA0F391487CAE8000880AF /* selector_down.png in Resources */,
				B2CA0F3B1487CAE8000880AF /* selector_up.png in Resources */,
				B2CA0F3D1487CAE8000880AF /* selectors.png in Resources */,
				B2CA0F3F1487CAE8000880AF /* switch_bg.png in Resources */,
				B2CA0F411487CAE9000880AF /* switch_light.png in Resources */,
				B2CA0F431487CAE9000880AF /* switch_light_down.png in Resources */,
				B2CA0F451487CAE9000880AF /* switch_light_up.png in Resources */,
				B2CA0F471487CAE9000880AF /* background@2x.png in Resources */,
				B2CA0F491487CAE9000880AF /* button_up_bin@2x.png in Resources */,
				B2CA0F4B1487CAE9000880AF /* button_up_dec@2x.png in Resources */,
				B2CA0F4D1487CAE9000880AF /* button_up_hex@2x.png in Resources */,
				B2CA0F4F1487CAE9000880AF /* button_up_ott@2x.png in Resources */,
				B2CA0F511487CAE9000880AF /* buttons_separator@2x.png in Resources */,
				B2CA0F531487CAE9000880AF /* closed_down@2x.png in Resources */,
				B2CA0F551487CAE9000880AF /* closed_up@2x.png in Resources */,
				B2CA0F571487CAE9000880AF /* selector_down@2x.png in Resources */,
				B2CA0F591487CAE9000880AF /* selector_up@2x.png in Resources */,
				B2CA0F5B1487CAE9000880AF /* selectors@2x.png in Resources */,
				B2CA0F5D1487CAE9000880AF /* switch_bg@2x.png in Resources */,
				B2CA0F5F1487CAE9000880AF /* switch_light@2x.png in Resources */,
				B2CA0F611487CAE9000880AF /* switch_light_down@2x.png in Resources */,
				B2CA0F631487CAE9000880AF /* switch_light_up@2x.png in Resources */,
			);
			runOnlyForDeploymentPostprocessing = 0;
		};
/* End PBXResourcesBuildPhase section */

/* Begin PBXShellScriptBuildPhase section */
		B26852EB1486C1D400FDDB3B /* ShellScript */ = {
			isa = PBXShellScriptBuildPhase;
			buildActionMask = 2147483647;
			files = (
			);
			inputPaths = (
			);
			outputPaths = (
			);
			runOnlyForDeploymentPostprocessing = 0;
			shellPath = /bin/sh;
			shellScript = "# Run the unit tests in this test bundle.\n\"${SYSTEM_DEVELOPER_DIR}/Tools/RunUnitTests\"\n";
		};
/* End PBXShellScriptBuildPhase section */

/* Begin PBXSourcesBuildPhase section */
		B26852C71486C1D300FDDB3B /* Sources */ = {
			isa = PBXSourcesBuildPhase;
			buildActionMask = 2147483647;
			files = (
				B26852DC1486C1D400FDDB3B /* main.m in Sources */,
				B26852E01486C1D400FDDB3B /* bConverterAppDelegate.m in Sources */,
				B26852E71486C1D400FDDB3B /* bConverterViewController.m in Sources */,
				B221555D14B62D7900A5BB95 /* FlipsideViewController.m in Sources */,
				B2430E9614CC3BA700EC4BCB /* Utilities.m in Sources */,
				B293434114CCE21F004F2D6B /* NSData+AESCrypt.m in Sources */,
				B293434214CCE21F004F2D6B /* NSString+AESCrypt.m in Sources */,
				B25DC5971550764A00E2FEF9 /* SettingsViewController.m in Sources */,
				824D8024155862CD00AD50B4 /* Facebook.m in Sources */,
				824D8026155862CD00AD50B4 /* FBDialog.m in Sources */,
				824D8027155862CD00AD50B4 /* FBFrictionlessRequestSettings.m in Sources */,
				824D8028155862CD00AD50B4 /* FBLoginDialog.m in Sources */,
				824D8029155862CD00AD50B4 /* FBRequest.m in Sources */,
				824D802A155862CD00AD50B4 /* NSObject+SBJSON.m in Sources */,
				824D802B155862CD00AD50B4 /* NSString+SBJSON.m in Sources */,
				824D802C155862CD00AD50B4 /* SBJSON.m in Sources */,
				824D802D155862CD00AD50B4 /* SBJsonBase.m in Sources */,
				824D802E155862CD00AD50B4 /* SBJsonParser.m in Sources */,
				824D802F155862CD00AD50B4 /* SBJsonWriter.m in Sources */,
				824D80371558635300AD50B4 /* DERuledView.m in Sources */,
				824D80381558635300AD50B4 /* DETweetTextView.m in Sources */,
				824D80391558635300AD50B4 /* UIDevice+DETweetComposeViewController.m in Sources */,
			);
			runOnlyForDeploymentPostprocessing = 0;
		};
		B26852E81486C1D400FDDB3B /* Sources */ = {
			isa = PBXSourcesBuildPhase;
			buildActionMask = 2147483647;
			files = (
				B26852FE1486C1D400FDDB3B /* bConverterTests.m in Sources */,
			);
			runOnlyForDeploymentPostprocessing = 0;
		};
/* End PBXSourcesBuildPhase section */

/* Begin PBXTargetDependency section */
		B26852F41486C1D400FDDB3B /* PBXTargetDependency */ = {
			isa = PBXTargetDependency;
			target = B26852CA1486C1D300FDDB3B /* bConverter */;
			targetProxy = B26852F31486C1D400FDDB3B /* PBXContainerItemProxy */;
		};
/* End PBXTargetDependency section */

/* Begin PBXVariantGroup section */
		B22879A41554375E0001E668 /* Localizable.strings */ = {
			isa = PBXVariantGroup;
			children = (
				B22879A31554375E0001E668 /* en */,
				B22879A51554376D0001E668 /* it */,
				B22879A61554376E0001E668 /* de */,
			);
			name = Localizable.strings;
			sourceTree = "<group>";
		};
		B26852D81486C1D400FDDB3B /* InfoPlist.strings */ = {
			isa = PBXVariantGroup;
			children = (
				B26852D91486C1D400FDDB3B /* en */,
			);
			name = InfoPlist.strings;
			sourceTree = "<group>";
		};
		B26852E11486C1D400FDDB3B /* MainStoryboard.storyboard */ = {
			isa = PBXVariantGroup;
			children = (
				B26852E21486C1D400FDDB3B /* en */,
			);
			name = MainStoryboard.storyboard;
			sourceTree = "<group>";
		};
		B26852F81486C1D400FDDB3B /* InfoPlist.strings */ = {
			isa = PBXVariantGroup;
			children = (
				B26852F91486C1D400FDDB3B /* en */,
			);
			name = InfoPlist.strings;
			sourceTree = "<group>";
		};
/* End PBXVariantGroup section */

/* Begin XCBuildConfiguration section */
		B26852FF1486C1D400FDDB3B /* Debug */ = {
			isa = XCBuildConfiguration;
			buildSettings = {
				ALWAYS_SEARCH_USER_PATHS = NO;
				CLANG_ENABLE_OBJC_ARC = YES;
				CLANG_WARN_BOOL_CONVERSION = YES;
				CLANG_WARN_CONSTANT_CONVERSION = YES;
				CLANG_WARN_EMPTY_BODY = YES;
				CLANG_WARN_ENUM_CONVERSION = YES;
				CLANG_WARN_INT_CONVERSION = YES;
				CLANG_WARN_UNREACHABLE_CODE = YES;
				CLANG_WARN__DUPLICATE_METHOD_MATCH = YES;
				CODE_SIGN_IDENTITY = "iPhone Developer: x3vius.315@gmail.com (JC335A3CE8)";
				"CODE_SIGN_IDENTITY[sdk=iphoneos*]" = "iPhone Developer: x3vius.315@gmail.com (JC335A3CE8)";
				COPY_PHASE_STRIP = NO;
				ENABLE_STRICT_OBJC_MSGSEND = YES;
				ENABLE_TESTABILITY = YES;
				GCC_C_LANGUAGE_STANDARD = gnu99;
				GCC_DYNAMIC_NO_PIC = NO;
				GCC_NO_COMMON_BLOCKS = YES;
				GCC_OPTIMIZATION_LEVEL = 0;
				GCC_PREPROCESSOR_DEFINITIONS = (
					"DEBUG=1",
					"$(inherited)",
				);
				GCC_SYMBOLS_PRIVATE_EXTERN = NO;
				GCC_VERSION = com.apple.compilers.llvm.clang.1_0;
				GCC_WARN_64_TO_32_BIT_CONVERSION = YES;
				GCC_WARN_ABOUT_MISSING_PROTOTYPES = YES;
				GCC_WARN_ABOUT_RETURN_TYPE = YES;
				GCC_WARN_UNDECLARED_SELECTOR = YES;
				GCC_WARN_UNINITIALIZED_AUTOS = YES;
				GCC_WARN_UNUSED_FUNCTION = YES;
				GCC_WARN_UNUSED_VARIABLE = YES;
				IPHONEOS_DEPLOYMENT_TARGET = 5.0;
				ONLY_ACTIVE_ARCH = YES;
				PROVISIONING_PROFILE = "09ea3e2e-c62f-47a0-ba52-9d9960f9950b";
				"PROVISIONING_PROFILE[sdk=iphoneos*]" = "09ea3e2e-c62f-47a0-ba52-9d9960f9950b";
				SDKROOT = iphoneos;
			};
			name = Debug;
		};
		B26853001486C1D400FDDB3B /* Release */ = {
			isa = XCBuildConfiguration;
			buildSettings = {
				ALWAYS_SEARCH_USER_PATHS = NO;
				CLANG_ENABLE_OBJC_ARC = YES;
				CLANG_WARN_BOOL_CONVERSION = YES;
				CLANG_WARN_CONSTANT_CONVERSION = YES;
				CLANG_WARN_EMPTY_BODY = YES;
				CLANG_WARN_ENUM_CONVERSION = YES;
				CLANG_WARN_INT_CONVERSION = YES;
				CLANG_WARN_UNREACHABLE_CODE = YES;
				CLANG_WARN__DUPLICATE_METHOD_MATCH = YES;
				CODE_SIGN_IDENTITY = "iPhone Developer: x3vius.315@gmail.com (JC335A3CE8)";
				"CODE_SIGN_IDENTITY[sdk=iphoneos*]" = "iPhone Developer: x3vius.315@gmail.com (JC335A3CE8)";
				COPY_PHASE_STRIP = YES;
				ENABLE_STRICT_OBJC_MSGSEND = YES;
				GCC_C_LANGUAGE_STANDARD = gnu99;
				GCC_NO_COMMON_BLOCKS = YES;
				GCC_VERSION = com.apple.compilers.llvm.clang.1_0;
				GCC_WARN_64_TO_32_BIT_CONVERSION = YES;
				GCC_WARN_ABOUT_MISSING_PROTOTYPES = YES;
				GCC_WARN_ABOUT_RETURN_TYPE = YES;
				GCC_WARN_UNDECLARED_SELECTOR = YES;
				GCC_WARN_UNINITIALIZED_AUTOS = YES;
				GCC_WARN_UNUSED_FUNCTION = YES;
				GCC_WARN_UNUSED_VARIABLE = YES;
				IPHONEOS_DEPLOYMENT_TARGET = 5.0;
				OTHER_CFLAGS = "-DNS_BLOCK_ASSERTIONS=1";
				PROVISIONING_PROFILE = "09ea3e2e-c62f-47a0-ba52-9d9960f9950b";
				"PROVISIONING_PROFILE[sdk=iphoneos*]" = "09ea3e2e-c62f-47a0-ba52-9d9960f9950b";
				SDKROOT = iphoneos;
				VALIDATE_PRODUCT = YES;
			};
			name = Release;
		};
		B26853021486C1D400FDDB3B /* Debug */ = {
			isa = XCBuildConfiguration;
			buildSettings = {
				CODE_SIGN_IDENTITY = "iPhone Developer";
				"CODE_SIGN_IDENTITY[sdk=iphoneos*]" = "iPhone Developer";
				GCC_PRECOMPILE_PREFIX_HEADER = YES;
				GCC_PREFIX_HEADER = "bConverter/bConverter-Prefix.pch";
				INFOPLIST_FILE = "bConverter/bConverter-Info.plist";
				IPHONEOS_DEPLOYMENT_TARGET = 6.0;
				LIBRARY_SEARCH_PATHS = (
					"$(inherited)",
					"\"$(SRCROOT)/bConverter\"",
					"\"$(SRCROOT)/TestFlightSDK1.0\"",
				);
				PRODUCT_BUNDLE_IDENTIFIER = com.giannellijury.bConverter;
				PRODUCT_NAME = "$(TARGET_NAME)";
				PROVISIONING_PROFILE = "";
				"PROVISIONING_PROFILE[sdk=iphoneos*]" = "";
				WRAPPER_EXTENSION = app;
			};
			name = Debug;
		};
		B26853031486C1D400FDDB3B /* Release */ = {
			isa = XCBuildConfiguration;
			buildSettings = {
				CODE_SIGN_IDENTITY = "iPhone Developer";
				"CODE_SIGN_IDENTITY[sdk=iphoneos*]" = "iPhone Developer";
				GCC_PRECOMPILE_PREFIX_HEADER = YES;
				GCC_PREFIX_HEADER = "bConverter/bConverter-Prefix.pch";
				INFOPLIST_FILE = "bConverter/bConverter-Info.plist";
				IPHONEOS_DEPLOYMENT_TARGET = 6.0;
				LIBRARY_SEARCH_PATHS = (
					"$(inherited)",
					"\"$(SRCROOT)/bConverter\"",
					"\"$(SRCROOT)/TestFlightSDK1.0\"",
				);
				PRODUCT_BUNDLE_IDENTIFIER = com.giannellijury.bConverter;
				PRODUCT_NAME = "$(TARGET_NAME)";
				PROVISIONING_PROFILE = "";
				"PROVISIONING_PROFILE[sdk=iphoneos*]" = "";
				WRAPPER_EXTENSION = app;
			};
			name = Release;
		};
		B26853051486C1D400FDDB3B /* Debug */ = {
			isa = XCBuildConfiguration;
			buildSettings = {
				BUNDLE_LOADER = "$(BUILT_PRODUCTS_DIR)/bConverter.app/bConverter";
				FRAMEWORK_SEARCH_PATHS = (
					"$(SDKROOT)/Developer/Library/Frameworks",
					"$(DEVELOPER_LIBRARY_DIR)/Frameworks",
				);
				GCC_PRECOMPILE_PREFIX_HEADER = YES;
				GCC_PREFIX_HEADER = "bConverter/bConverter-Prefix.pch";
				INFOPLIST_FILE = "bConverterTests/bConverterTests-Info.plist";
				PRODUCT_BUNDLE_IDENTIFIER = "com.giannellijury.bConverter.${PRODUCT_NAME:rfc1034identifier}";
				PRODUCT_NAME = "$(TARGET_NAME)";
				PROVISIONING_PROFILE = "";
				TEST_HOST = "$(BUNDLE_LOADER)";
				WRAPPER_EXTENSION = octest;
			};
			name = Debug;
		};
		B26853061486C1D400FDDB3B /* Release */ = {
			isa = XCBuildConfiguration;
			buildSettings = {
				BUNDLE_LOADER = "$(BUILT_PRODUCTS_DIR)/bConverter.app/bConverter";
				FRAMEWORK_SEARCH_PATHS = (
					"$(SDKROOT)/Developer/Library/Frameworks",
					"$(DEVELOPER_LIBRARY_DIR)/Frameworks",
				);
				GCC_PRECOMPILE_PREFIX_HEADER = YES;
				GCC_PREFIX_HEADER = "bConverter/bConverter-Prefix.pch";
				INFOPLIST_FILE = "bConverterTests/bConverterTests-Info.plist";
				PRODUCT_BUNDLE_IDENTIFIER = "com.giannellijury.bConverter.${PRODUCT_NAME:rfc1034identifier}";
				PRODUCT_NAME = "$(TARGET_NAME)";
				PROVISIONING_PROFILE = "";
				TEST_HOST = "$(BUNDLE_LOADER)";
				WRAPPER_EXTENSION = octest;
			};
			name = Release;
		};
		B293444C14CDFB23004F2D6B /* Distribution */ = {
			isa = XCBuildConfiguration;
			buildSettings = {
				ALWAYS_SEARCH_USER_PATHS = NO;
				CLANG_ENABLE_OBJC_ARC = YES;
				CLANG_WARN_BOOL_CONVERSION = YES;
				CLANG_WARN_CONSTANT_CONVERSION = YES;
				CLANG_WARN_EMPTY_BODY = YES;
				CLANG_WARN_ENUM_CONVERSION = YES;
				CLANG_WARN_INT_CONVERSION = YES;
				CLANG_WARN_UNREACHABLE_CODE = YES;
				CLANG_WARN__DUPLICATE_METHOD_MATCH = YES;
				CODE_SIGN_IDENTITY = "iPhone Developer: x3vius.315@gmail.com (JC335A3CE8)";
				"CODE_SIGN_IDENTITY[sdk=iphoneos*]" = "iPhone Developer: x3vius.315@gmail.com (JC335A3CE8)";
				COPY_PHASE_STRIP = YES;
				ENABLE_STRICT_OBJC_MSGSEND = YES;
				GCC_C_LANGUAGE_STANDARD = gnu99;
				GCC_NO_COMMON_BLOCKS = YES;
				GCC_VERSION = com.apple.compilers.llvm.clang.1_0;
				GCC_WARN_64_TO_32_BIT_CONVERSION = YES;
				GCC_WARN_ABOUT_MISSING_PROTOTYPES = YES;
				GCC_WARN_ABOUT_RETURN_TYPE = YES;
				GCC_WARN_UNDECLARED_SELECTOR = YES;
				GCC_WARN_UNINITIALIZED_AUTOS = YES;
				GCC_WARN_UNUSED_FUNCTION = YES;
				GCC_WARN_UNUSED_VARIABLE = YES;
				IPHONEOS_DEPLOYMENT_TARGET = 5.0;
				OTHER_CFLAGS = "-DNS_BLOCK_ASSERTIONS=1";
				PROVISIONING_PROFILE = "09ea3e2e-c62f-47a0-ba52-9d9960f9950b";
				"PROVISIONING_PROFILE[sdk=iphoneos*]" = "09ea3e2e-c62f-47a0-ba52-9d9960f9950b";
				SDKROOT = iphoneos;
				VALIDATE_PRODUCT = YES;
			};
			name = Distribution;
		};
		B293444D14CDFB23004F2D6B /* Distribution */ = {
			isa = XCBuildConfiguration;
			buildSettings = {
				CODE_SIGN_IDENTITY = "iPhone Developer";
				"CODE_SIGN_IDENTITY[sdk=iphoneos*]" = "iPhone Developer";
				GCC_PRECOMPILE_PREFIX_HEADER = YES;
				GCC_PREFIX_HEADER = "bConverter/bConverter-Prefix.pch";
				INFOPLIST_FILE = "bConverter/bConverter-Info.plist";
				IPHONEOS_DEPLOYMENT_TARGET = 6.0;
				LIBRARY_SEARCH_PATHS = (
					"$(inherited)",
					"\"$(SRCROOT)/bConverter\"",
					"\"$(SRCROOT)/TestFlightSDK1.0\"",
				);
				PRODUCT_BUNDLE_IDENTIFIER = com.giannellijury.bConverter;
				PRODUCT_NAME = "$(TARGET_NAME)";
				PROVISIONING_PROFILE = "";
				"PROVISIONING_PROFILE[sdk=iphoneos*]" = "";
				WRAPPER_EXTENSION = app;
			};
			name = Distribution;
		};
		B293444E14CDFB23004F2D6B /* Distribution */ = {
			isa = XCBuildConfiguration;
			buildSettings = {
				BUNDLE_LOADER = "$(BUILT_PRODUCTS_DIR)/bConverter.app/bConverter";
				FRAMEWORK_SEARCH_PATHS = (
					"$(SDKROOT)/Developer/Library/Frameworks",
					"$(DEVELOPER_LIBRARY_DIR)/Frameworks",
				);
				GCC_PRECOMPILE_PREFIX_HEADER = YES;
				GCC_PREFIX_HEADER = "bConverter/bConverter-Prefix.pch";
				INFOPLIST_FILE = "bConverterTests/bConverterTests-Info.plist";
				PRODUCT_BUNDLE_IDENTIFIER = "com.giannellijury.bConverter.${PRODUCT_NAME:rfc1034identifier}";
				PRODUCT_NAME = "$(TARGET_NAME)";
				PROVISIONING_PROFILE = "";
				TEST_HOST = "$(BUNDLE_LOADER)";
				WRAPPER_EXTENSION = octest;
			};
			name = Distribution;
		};
/* End XCBuildConfiguration section */

/* Begin XCConfigurationList section */
		B26852C51486C1D300FDDB3B /* Build configuration list for PBXProject "bConverter" */ = {
			isa = XCConfigurationList;
			buildConfigurations = (
				B26852FF1486C1D400FDDB3B /* Debug */,
				B26853001486C1D400FDDB3B /* Release */,
				B293444C14CDFB23004F2D6B /* Distribution */,
			);
			defaultConfigurationIsVisible = 0;
			defaultConfigurationName = Release;
		};
		B26853011486C1D400FDDB3B /* Build configuration list for PBXNativeTarget "bConverter" */ = {
			isa = XCConfigurationList;
			buildConfigurations = (
				B26853021486C1D400FDDB3B /* Debug */,
				B26853031486C1D400FDDB3B /* Release */,
				B293444D14CDFB23004F2D6B /* Distribution */,
			);
			defaultConfigurationIsVisible = 0;
			defaultConfigurationName = Release;
		};
		B26853041486C1D400FDDB3B /* Build configuration list for PBXNativeTarget "bConverterTests" */ = {
			isa = XCConfigurationList;
			buildConfigurations = (
				B26853051486C1D400FDDB3B /* Debug */,
				B26853061486C1D400FDDB3B /* Release */,
				B293444E14CDFB23004F2D6B /* Distribution */,
			);
			defaultConfigurationIsVisible = 0;
			defaultConfigurationName = Release;
		};
/* End XCConfigurationList section */
	};
	rootObject = B26852C21486C1D300FDDB3B /* Project object */;
}
